
Microsoft Visual Studio Solution File, Format Version 12.00
# Visual Studio Version 17
VisualStudioVersion = 17.14.36109.1 d17.14
MinimumVisualStudioVersion = 10.0.40219.1
Project("{2150E333-8FDC-42A3-9474-1A3956D46DE8}") = "src", "src", "{02EA681E-C7D8-13C7-8484-4AC65E1B71E8}"
EndProject
Project("{2150E333-8FDC-42A3-9474-1A3956D46DE8}") = "Services", "Services", "{378ECD17-3464-4F2E-B03A-C45768064EBE}"
EndProject
Project("{2150E333-8FDC-42A3-9474-1A3956D46DE8}") = "Frontend", "Frontend", "{4EF6AAA2-929D-4473-8EA6-66735615CAC9}"
EndProject
Project("{FAE04EC0-301F-11D3-BF4B-00C04F79EFBC}") = "IdentityService.API", "IdentityService.API\IdentityService.API.csproj", "{14360A8D-9ABA-4DA9-BA91-3D411BA844A1}"
EndProject
Project("{2150E333-8FDC-42A3-9474-1A3956D46DE8}") = "IdentityService", "IdentityService", "{D0D724D6-952B-4BAC-83E5-4C839A4DF2FE}"
EndProject
Project("{FAE04EC0-301F-11D3-BF4B-00C04F79EFBC}") = "IdentityService.Application", "IdentityService.Application\IdentityService.Application.csproj", "{240C21C6-DCA8-4D3B-96E0-BD8210D92485}"
EndProject
Project("{FAE04EC0-301F-11D3-BF4B-00C04F79EFBC}") = "IdentityService.Domain", "IdentityService.Domain\IdentityService.Domain.csproj", "{698F8087-36C7-4C83-AA47-E2B2DA4ACCFE}"
EndProject
Project("{FAE04EC0-301F-11D3-BF4B-00C04F79EFBC}") = "IdentityService.Infrastructure", "IdentityService.Infrastructure\IdentityService.Infrastructure.csproj", "{0D4DD0EC-1586-4916-9BEF-E28D0BBBE9D3}"
EndProject
Project("{2150E333-8FDC-42A3-9474-1A3956D46DE8}") = "ProdutoService", "ProdutoService", "{8D333603-A934-442A-8FD0-831710F0E4CB}"
EndProject
Project("{2150E333-8FDC-42A3-9474-1A3956D46DE8}") = "PedidoService", "PedidoService", "{BE1C6356-11AD-434D-ABDA-1EB0C225ED45}"
EndProject
Project("{2150E333-8FDC-42A3-9474-1A3956D46DE8}") = "EstoqueService", "EstoqueService", "{F641BB17-0570-46AE-8ECB-3D46A5F01A0F}"
EndProject
Project("{2150E333-8FDC-42A3-9474-1A3956D46DE8}") = "PagamentoService", "PagamentoService", "{FD83F6CD-9F9B-4E29-944C-6DC41AF7B79D}"
EndProject
Project("{2150E333-8FDC-42A3-9474-1A3956D46DE8}") = "NotificacaoService", "NotificacaoService", "{AFCD2C57-271D-4AC3-991F-D261D0301053}"
EndProject
Project("{2150E333-8FDC-42A3-9474-1A3956D46DE8}") = "ObservabilidadeService", "ObservabilidadeService", "{AF6C777E-EEFB-48C8-A83B-F4674741D15C}"
EndProject
Project("{FAE04EC0-301F-11D3-BF4B-00C04F79EFBC}") = "BigEcommerce.AppHost", "BigEcommerce.AppHost\BigEcommerce.AppHost.csproj", "{7DE84491-EA79-4562-BD42-1F4C30307A2B}"
EndProject
Project("{2150E333-8FDC-42A3-9474-1A3956D46DE8}") = "tests", "tests", "{7BA99C49-2BA1-4A93-9BF4-111B6EDAD6E0}"
EndProject
Project("{2150E333-8FDC-42A3-9474-1A3956D46DE8}") = "infrastructure", "infrastructure", "{9790FD25-6E6E-410E-8E32-55876905FDD1}"
EndProject
Project("{2150E333-8FDC-42A3-9474-1A3956D46DE8}") = ".github", ".github", "{F41C5174-362B-4EC5-AA0F-54E0C92F50D9}"
EndProject
Project("{2150E333-8FDC-42A3-9474-1A3956D46DE8}") = "docs", "docs", "{1AF8E453-01B3-4555-A483-4B99C943E6A6}"
EndProject
Project("{2150E333-8FDC-42A3-9474-1A3956D46DE8}") = "scripts", "scripts", "{36180D8A-0AF5-4D0B-B382-48AB6D2281E1}"
EndProject
Project("{FAE04EC0-301F-11D3-BF4B-00C04F79EFBC}") = "IdentityService.gRPC", "IdentityService.gRPC\IdentityService.gRPC.csproj", "{828BD249-DE9D-4C8B-A49E-74F8C6324243}"
EndProject
Project("{FAE04EC0-301F-11D3-BF4B-00C04F79EFBC}") = "ProdutoService.API", "ProdutoService.API\ProdutoService.API.csproj", "{BF0407E0-5AE6-F04A-3FF9-0FD023692F53}"
EndProject
Project("{FAE04EC0-301F-11D3-BF4B-00C04F79EFBC}") = "ProdutoService.Application", "ProdutoService.Application\ProdutoService.Application.csproj", "{446B0A4F-A5A1-4934-81F3-06F52C69129C}"
EndProject
Project("{FAE04EC0-301F-11D3-BF4B-00C04F79EFBC}") = "ProdutoService.Domain", "ProdutoService.Domain\ProdutoService.Domain.csproj", "{4AA2B69A-836D-41BC-8239-6234A3A4F7A2}"
EndProject
Project("{FAE04EC0-301F-11D3-BF4B-00C04F79EFBC}") = "ProdutoService.Infrastructure", "ProdutoService.Infrastructure\ProdutoService.Infrastructure.csproj", "{C1827108-BC26-4298-811B-4BA8FAFA3209}"
EndProject
Project("{FAE04EC0-301F-11D3-BF4B-00C04F79EFBC}") = "ProdutoService.gRPC", "ProdutoService.gRPC\ProdutoService.gRPC.csproj", "{F62304AF-C651-4CD2-A11C-1B3BF036DB6D}"
EndProject
Project("{FAE04EC0-301F-11D3-BF4B-00C04F79EFBC}") = "EstoqueService.API", "EstoqueService.API\EstoqueService.API.csproj", "{4AF00B5E-5B68-A101-7ED8-90978F53AFC1}"
EndProject
Project("{FAE04EC0-301F-11D3-BF4B-00C04F79EFBC}") = "EstoqueService.Application", "EstoqueService.Application\EstoqueService.Application.csproj", "{4630A3F2-4707-4294-BB8B-6BF702669585}"
EndProject
Project("{FAE04EC0-301F-11D3-BF4B-00C04F79EFBC}") = "EstoqueService.Domain", "EstoqueService.Domain\EstoqueService.Domain.csproj", "{D5E0B8AF-4F7C-412D-9701-0DC20C07125D}"
EndProject
Project("{FAE04EC0-301F-11D3-BF4B-00C04F79EFBC}") = "EstoqueService.Infrastructure", "EstoqueService.Infrastructure\EstoqueService.Infrastructure.csproj", "{E65AB446-0D33-4560-A4E7-3DA0ACCB2BAF}"
EndProject
Project("{FAE04EC0-301F-11D3-BF4B-00C04F79EFBC}") = "EstoqueService.gRPC", "EstoqueService.gRPC\EstoqueService.gRPC.csproj", "{ABC2327D-3F99-4E16-BFEA-BA80F118BC0F}"
EndProject
Project("{FAE04EC0-301F-11D3-BF4B-00C04F79EFBC}") = "PedidoService.API", "PedidoService.API\PedidoService.API.csproj", "{CEEDC0FF-423C-AE12-A214-CE38245F5593}"
EndProject
Project("{FAE04EC0-301F-11D3-BF4B-00C04F79EFBC}") = "PedidoService.Application", "PedidoService.Application\PedidoService.Application.csproj", "{7B18F0F7-B94C-4476-AD9F-F4D51BE08F43}"
EndProject
Project("{FAE04EC0-301F-11D3-BF4B-00C04F79EFBC}") = "PedidoService.Domain", "PedidoService.Domain\PedidoService.Domain.csproj", "{8523E935-218C-44DF-A516-27F9A2477D9D}"
EndProject
Project("{FAE04EC0-301F-11D3-BF4B-00C04F79EFBC}") = "PedidoService.Infrastructure", "PedidoService.Infrastructure\PedidoService.Infrastructure.csproj", "{27F9D690-7A4B-4EFB-B51A-2B6C0603C68B}"
EndProject
Project("{FAE04EC0-301F-11D3-BF4B-00C04F79EFBC}") = "PedidoService.gRPC", "PedidoService.gRPC\PedidoService.gRPC.csproj", "{C5C24533-9218-430E-A5E2-B709CC2049B6}"
EndProject
Project("{2150E333-8FDC-42A3-9474-1A3956D46DE8}") = "Unit", "Unit", "{22BA3189-D259-4B3D-9D6E-28F919716D51}"
EndProject
Project("{2150E333-8FDC-42A3-9474-1A3956D46DE8}") = "Integration", "Integration", "{2895B02A-4520-4133-A9E2-8D8C6A48EBAC}"
EndProject
Project("{FAE04EC0-301F-11D3-BF4B-00C04F79EFBC}") = "ProdutoService.Tests", "ProdutoService.Tests\ProdutoService.Tests.csproj", "{B58235A9-F8F5-4773-AA2C-11FD3080275A}"
EndProject
Project("{FAE04EC0-301F-11D3-BF4B-00C04F79EFBC}") = "PedidoService.Tests", "PedidoService.Tests\PedidoService.Tests.csproj", "{2E1DB2D2-3FA8-4254-B72D-1C6B0E5F10E0}"
EndProject
Project("{FAE04EC0-301F-11D3-BF4B-00C04F79EFBC}") = "ProdutoService.IntegrationTests", "ProdutoService.IntegrationTests\ProdutoService.IntegrationTests.csproj", "{9D4F8050-4151-443C-8C5E-E20A9AC1F017}"
EndProject
Project("{FAE04EC0-301F-11D3-BF4B-00C04F79EFBC}") = "PedidoService.IntegrationTests", "PedidoService.IntegrationTests\PedidoService.IntegrationTests.csproj", "{BAF4875A-AC44-4EF4-807C-55F110CB7B9A}"
EndProject
Project("{2150E333-8FDC-42A3-9474-1A3956D46DE8}") = "Gateway", "Gateway", "{C4B63E92-51F2-415D-B383-ED2DC667ACA1}"
EndProject
Project("{2150E333-8FDC-42A3-9474-1A3956D46DE8}") = "Shared", "Shared", "{7E63F1DE-C3F0-4922-8228-C385E83F2E6D}"
	ProjectSection(SolutionItems) = preProject
		.proto = .proto
	EndProjectSection
EndProject
Project("{2150E333-8FDC-42A3-9474-1A3956D46DE8}") = "docker", "docker", "{D7645B54-DAFB-4ADF-A8DC-F140A5FDD960}"
	ProjectSection(SolutionItems) = preProject
		docker-compose.yml = docker-compose.yml
		Dockerfile = Dockerfile
	EndProjectSection
EndProject
Project("{2150E333-8FDC-42A3-9474-1A3956D46DE8}") = "terraform", "terraform", "{92C97960-3A35-45A0-875D-3648C2F4E552}"
	ProjectSection(SolutionItems) = preProject
		main.tf = main.tf
		variables.tf = variables.tf
	EndProjectSection
EndProject
Project("{2150E333-8FDC-42A3-9474-1A3956D46DE8}") = "workflows", "workflows", "{8A79189C-C7A5-4D7D-85A2-D456A854C5D6}"
	ProjectSection(SolutionItems) = preProject
		ci.yml = ci.yml
	EndProjectSection
EndProject
Project("{FAE04EC0-301F-11D3-BF4B-00C04F79EFBC}") = "PagamentoService.API", "PagamentoService.API\PagamentoService.API.csproj", "{F3D77CE9-B5ED-820C-AD4E-8E1C5F19ABDA}"
EndProject
Project("{FAE04EC0-301F-11D3-BF4B-00C04F79EFBC}") = "PagamentoService.Application", "PagamentoService.Application\PagamentoService.Application.csproj", "{9DBA966D-9547-49D2-92E1-F45A784FF4DF}"
EndProject
Project("{FAE04EC0-301F-11D3-BF4B-00C04F79EFBC}") = "PagamentoService.Domain", "PagamentoService.Domain\PagamentoService.Domain.csproj", "{6465B9CD-A722-46D2-9405-916E3160FCEA}"
EndProject
Project("{FAE04EC0-301F-11D3-BF4B-00C04F79EFBC}") = "PagamentoService.Infrastructure", "PagamentoService.Infrastructure\PagamentoService.Infrastructure.csproj", "{567BA714-9B10-43E2-973A-70CC249FB685}"
EndProject
Project("{FAE04EC0-301F-11D3-BF4B-00C04F79EFBC}") = "PagamentoService.gRPC", "PagamentoService.gRPC\PagamentoService.gRPC.csproj", "{C52673C7-3078-4B6C-9482-B7C492887C6C}"
EndProject
Project("{FAE04EC0-301F-11D3-BF4B-00C04F79EFBC}") = "NotificacaoService.API", "NotificacaoService.API\NotificacaoService.API.csproj", "{28B3BD8E-2B34-9CDB-DB2A-8986FC3D8190}"
EndProject
Project("{FAE04EC0-301F-11D3-BF4B-00C04F79EFBC}") = "NotificacaoService.Application", "NotificacaoService.Application\NotificacaoService.Application.csproj", "{B4C34BA1-46E9-4A5E-BADC-27E14361A6E1}"
EndProject
Project("{FAE04EC0-301F-11D3-BF4B-00C04F79EFBC}") = "NotificacaoService.Domain", "NotificacaoService.Domain\NotificacaoService.Domain.csproj", "{F91BE7AB-F111-4F20-8FF0-37B4EB43CF97}"
EndProject
Project("{FAE04EC0-301F-11D3-BF4B-00C04F79EFBC}") = "NotificacaoService.Infrastructure", "NotificacaoService.Infrastructure\NotificacaoService.Infrastructure.csproj", "{1B15F0A4-E7E9-485F-A903-DE6C953F1AEA}"
EndProject
Project("{FAE04EC0-301F-11D3-BF4B-00C04F79EFBC}") = "NotificacaoService.gRPC", "NotificacaoService.gRPC\NotificacaoService.gRPC.csproj", "{1CAC00AC-A06B-4384-AF15-B6A2B3D21AE9}"
EndProject
Project("{FAE04EC0-301F-11D3-BF4B-00C04F79EFBC}") = "ObservabilidadeService.Logs", "ObservabilidadeService.Logs\ObservabilidadeService.Logs.csproj", "{F53EDE85-3D0B-4F2F-B51E-FC30E6BC803E}"
EndProject
Project("{FAE04EC0-301F-11D3-BF4B-00C04F79EFBC}") = "ObservabilidadeService.Metrics", "ObservabilidadeService.Metrics\ObservabilidadeService.Metrics.csproj", "{523A6C2D-4B72-4E0D-AF28-83F2E4E306B6}"
EndProject
Project("{FAE04EC0-301F-11D3-BF4B-00C04F79EFBC}") = "ObservabilidadeService.Tracing", "ObservabilidadeService.Tracing\ObservabilidadeService.Tracing.csproj", "{B3E4638E-466D-40FC-82DD-BEB900167F20}"
EndProject
Project("{FAE04EC0-301F-11D3-BF4B-00C04F79EFBC}") = "Contracts", "Contracts\Contracts.csproj", "{60210AED-C6DA-41EE-A5B0-C8D139E2E8E2}"
EndProject
Project("{FAE04EC0-301F-11D3-BF4B-00C04F79EFBC}") = "Utils", "Utils\Utils.csproj", "{27DD372F-70E8-4BB5-8BDA-28094998FE40}"
EndProject
Project("{FAE04EC0-301F-11D3-BF4B-00C04F79EFBC}") = "BigEcommerce.App", "BigEcommerce.App\BigEcommerce.App\BigEcommerce.App.csproj", "{3E120801-264F-4136-BD9B-DBFC7B276E60}"
EndProject
Project("{FAE04EC0-301F-11D3-BF4B-00C04F79EFBC}") = "BigEcommerce.App.Shared", "BigEcommerce.App\BigEcommerce.App.Shared\BigEcommerce.App.Shared.csproj", "{CB694F21-CAAC-4C20-AD04-F0F98041DE94}"
EndProject
Project("{FAE04EC0-301F-11D3-BF4B-00C04F79EFBC}") = "BigEcommerce.App.Web", "BigEcommerce.App\BigEcommerce.App.Web\BigEcommerce.App.Web.csproj", "{078864C1-E9EB-4D99-A4CA-9D6A685F3E5F}"
EndProject
Project("{FAE04EC0-301F-11D3-BF4B-00C04F79EFBC}") = "Gateway.YARP", "Gateway.YARP\Gateway.YARP.csproj", "{FA6494D6-FC79-F27F-D65E-A14975F99146}"
EndProject
Global
	GlobalSection(SolutionConfigurationPlatforms) = preSolution
		Debug|Any CPU = Debug|Any CPU
		Release|Any CPU = Release|Any CPU
	EndGlobalSection
	GlobalSection(ProjectConfigurationPlatforms) = postSolution
		{14360A8D-9ABA-4DA9-BA91-3D411BA844A1}.Debug|Any CPU.ActiveCfg = Debug|Any CPU
		{14360A8D-9ABA-4DA9-BA91-3D411BA844A1}.Debug|Any CPU.Build.0 = Debug|Any CPU
		{14360A8D-9ABA-4DA9-BA91-3D411BA844A1}.Release|Any CPU.ActiveCfg = Release|Any CPU
		{14360A8D-9ABA-4DA9-BA91-3D411BA844A1}.Release|Any CPU.Build.0 = Release|Any CPU
		{240C21C6-DCA8-4D3B-96E0-BD8210D92485}.Debug|Any CPU.ActiveCfg = Debug|Any CPU
		{240C21C6-DCA8-4D3B-96E0-BD8210D92485}.Debug|Any CPU.Build.0 = Debug|Any CPU
		{240C21C6-DCA8-4D3B-96E0-BD8210D92485}.Release|Any CPU.ActiveCfg = Release|Any CPU
		{240C21C6-DCA8-4D3B-96E0-BD8210D92485}.Release|Any CPU.Build.0 = Release|Any CPU
		{698F8087-36C7-4C83-AA47-E2B2DA4ACCFE}.Debug|Any CPU.ActiveCfg = Debug|Any CPU
		{698F8087-36C7-4C83-AA47-E2B2DA4ACCFE}.Debug|Any CPU.Build.0 = Debug|Any CPU
		{698F8087-36C7-4C83-AA47-E2B2DA4ACCFE}.Release|Any CPU.ActiveCfg = Release|Any CPU
		{698F8087-36C7-4C83-AA47-E2B2DA4ACCFE}.Release|Any CPU.Build.0 = Release|Any CPU
		{0D4DD0EC-1586-4916-9BEF-E28D0BBBE9D3}.Debug|Any CPU.ActiveCfg = Debug|Any CPU
		{0D4DD0EC-1586-4916-9BEF-E28D0BBBE9D3}.Debug|Any CPU.Build.0 = Debug|Any CPU
		{0D4DD0EC-1586-4916-9BEF-E28D0BBBE9D3}.Release|Any CPU.ActiveCfg = Release|Any CPU
		{0D4DD0EC-1586-4916-9BEF-E28D0BBBE9D3}.Release|Any CPU.Build.0 = Release|Any CPU
		{7DE84491-EA79-4562-BD42-1F4C30307A2B}.Debug|Any CPU.ActiveCfg = Debug|Any CPU
		{7DE84491-EA79-4562-BD42-1F4C30307A2B}.Debug|Any CPU.Build.0 = Debug|Any CPU
		{7DE84491-EA79-4562-BD42-1F4C30307A2B}.Release|Any CPU.ActiveCfg = Release|Any CPU
		{7DE84491-EA79-4562-BD42-1F4C30307A2B}.Release|Any CPU.Build.0 = Release|Any CPU
		{828BD249-DE9D-4C8B-A49E-74F8C6324243}.Debug|Any CPU.ActiveCfg = Debug|Any CPU
		{828BD249-DE9D-4C8B-A49E-74F8C6324243}.Debug|Any CPU.Build.0 = Debug|Any CPU
		{828BD249-DE9D-4C8B-A49E-74F8C6324243}.Release|Any CPU.ActiveCfg = Release|Any CPU
		{828BD249-DE9D-4C8B-A49E-74F8C6324243}.Release|Any CPU.Build.0 = Release|Any CPU
		{BF0407E0-5AE6-F04A-3FF9-0FD023692F53}.Debug|Any CPU.ActiveCfg = Debug|Any CPU
		{BF0407E0-5AE6-F04A-3FF9-0FD023692F53}.Debug|Any CPU.Build.0 = Debug|Any CPU
		{BF0407E0-5AE6-F04A-3FF9-0FD023692F53}.Release|Any CPU.ActiveCfg = Release|Any CPU
		{BF0407E0-5AE6-F04A-3FF9-0FD023692F53}.Release|Any CPU.Build.0 = Release|Any CPU
		{446B0A4F-A5A1-4934-81F3-06F52C69129C}.Debug|Any CPU.ActiveCfg = Debug|Any CPU
		{446B0A4F-A5A1-4934-81F3-06F52C69129C}.Debug|Any CPU.Build.0 = Debug|Any CPU
		{446B0A4F-A5A1-4934-81F3-06F52C69129C}.Release|Any CPU.ActiveCfg = Release|Any CPU
		{446B0A4F-A5A1-4934-81F3-06F52C69129C}.Release|Any CPU.Build.0 = Release|Any CPU
		{4AA2B69A-836D-41BC-8239-6234A3A4F7A2}.Debug|Any CPU.ActiveCfg = Debug|Any CPU
		{4AA2B69A-836D-41BC-8239-6234A3A4F7A2}.Debug|Any CPU.Build.0 = Debug|Any CPU
		{4AA2B69A-836D-41BC-8239-6234A3A4F7A2}.Release|Any CPU.ActiveCfg = Release|Any CPU
		{4AA2B69A-836D-41BC-8239-6234A3A4F7A2}.Release|Any CPU.Build.0 = Release|Any CPU
		{C1827108-BC26-4298-811B-4BA8FAFA3209}.Debug|Any CPU.ActiveCfg = Debug|Any CPU
		{C1827108-BC26-4298-811B-4BA8FAFA3209}.Debug|Any CPU.Build.0 = Debug|Any CPU
		{C1827108-BC26-4298-811B-4BA8FAFA3209}.Release|Any CPU.ActiveCfg = Release|Any CPU
		{C1827108-BC26-4298-811B-4BA8FAFA3209}.Release|Any CPU.Build.0 = Release|Any CPU
		{F62304AF-C651-4CD2-A11C-1B3BF036DB6D}.Debug|Any CPU.ActiveCfg = Debug|Any CPU
		{F62304AF-C651-4CD2-A11C-1B3BF036DB6D}.Debug|Any CPU.Build.0 = Debug|Any CPU
		{F62304AF-C651-4CD2-A11C-1B3BF036DB6D}.Release|Any CPU.ActiveCfg = Release|Any CPU
		{F62304AF-C651-4CD2-A11C-1B3BF036DB6D}.Release|Any CPU.Build.0 = Release|Any CPU
		{4AF00B5E-5B68-A101-7ED8-90978F53AFC1}.Debug|Any CPU.ActiveCfg = Debug|Any CPU
		{4AF00B5E-5B68-A101-7ED8-90978F53AFC1}.Debug|Any CPU.Build.0 = Debug|Any CPU
		{4AF00B5E-5B68-A101-7ED8-90978F53AFC1}.Release|Any CPU.ActiveCfg = Release|Any CPU
		{4AF00B5E-5B68-A101-7ED8-90978F53AFC1}.Release|Any CPU.Build.0 = Release|Any CPU
		{4630A3F2-4707-4294-BB8B-6BF702669585}.Debug|Any CPU.ActiveCfg = Debug|Any CPU
		{4630A3F2-4707-4294-BB8B-6BF702669585}.Debug|Any CPU.Build.0 = Debug|Any CPU
		{4630A3F2-4707-4294-BB8B-6BF702669585}.Release|Any CPU.ActiveCfg = Release|Any CPU
		{4630A3F2-4707-4294-BB8B-6BF702669585}.Release|Any CPU.Build.0 = Release|Any CPU
		{D5E0B8AF-4F7C-412D-9701-0DC20C07125D}.Debug|Any CPU.ActiveCfg = Debug|Any CPU
		{D5E0B8AF-4F7C-412D-9701-0DC20C07125D}.Debug|Any CPU.Build.0 = Debug|Any CPU
		{D5E0B8AF-4F7C-412D-9701-0DC20C07125D}.Release|Any CPU.ActiveCfg = Release|Any CPU
		{D5E0B8AF-4F7C-412D-9701-0DC20C07125D}.Release|Any CPU.Build.0 = Release|Any CPU
		{E65AB446-0D33-4560-A4E7-3DA0ACCB2BAF}.Debug|Any CPU.ActiveCfg = Debug|Any CPU
		{E65AB446-0D33-4560-A4E7-3DA0ACCB2BAF}.Debug|Any CPU.Build.0 = Debug|Any CPU
		{E65AB446-0D33-4560-A4E7-3DA0ACCB2BAF}.Release|Any CPU.ActiveCfg = Release|Any CPU
		{E65AB446-0D33-4560-A4E7-3DA0ACCB2BAF}.Release|Any CPU.Build.0 = Release|Any CPU
		{ABC2327D-3F99-4E16-BFEA-BA80F118BC0F}.Debug|Any CPU.ActiveCfg = Debug|Any CPU
		{ABC2327D-3F99-4E16-BFEA-BA80F118BC0F}.Debug|Any CPU.Build.0 = Debug|Any CPU
		{ABC2327D-3F99-4E16-BFEA-BA80F118BC0F}.Release|Any CPU.ActiveCfg = Release|Any CPU
		{ABC2327D-3F99-4E16-BFEA-BA80F118BC0F}.Release|Any CPU.Build.0 = Release|Any CPU
		{CEEDC0FF-423C-AE12-A214-CE38245F5593}.Debug|Any CPU.ActiveCfg = Debug|Any CPU
		{CEEDC0FF-423C-AE12-A214-CE38245F5593}.Debug|Any CPU.Build.0 = Debug|Any CPU
		{CEEDC0FF-423C-AE12-A214-CE38245F5593}.Release|Any CPU.ActiveCfg = Release|Any CPU
		{CEEDC0FF-423C-AE12-A214-CE38245F5593}.Release|Any CPU.Build.0 = Release|Any CPU
		{7B18F0F7-B94C-4476-AD9F-F4D51BE08F43}.Debug|Any CPU.ActiveCfg = Debug|Any CPU
		{7B18F0F7-B94C-4476-AD9F-F4D51BE08F43}.Debug|Any CPU.Build.0 = Debug|Any CPU
		{7B18F0F7-B94C-4476-AD9F-F4D51BE08F43}.Release|Any CPU.ActiveCfg = Release|Any CPU
		{7B18F0F7-B94C-4476-AD9F-F4D51BE08F43}.Release|Any CPU.Build.0 = Release|Any CPU
		{8523E935-218C-44DF-A516-27F9A2477D9D}.Debug|Any CPU.ActiveCfg = Debug|Any CPU
		{8523E935-218C-44DF-A516-27F9A2477D9D}.Debug|Any CPU.Build.0 = Debug|Any CPU
		{8523E935-218C-44DF-A516-27F9A2477D9D}.Release|Any CPU.ActiveCfg = Release|Any CPU
		{8523E935-218C-44DF-A516-27F9A2477D9D}.Release|Any CPU.Build.0 = Release|Any CPU
		{27F9D690-7A4B-4EFB-B51A-2B6C0603C68B}.Debug|Any CPU.ActiveCfg = Debug|Any CPU
		{27F9D690-7A4B-4EFB-B51A-2B6C0603C68B}.Debug|Any CPU.Build.0 = Debug|Any CPU
		{27F9D690-7A4B-4EFB-B51A-2B6C0603C68B}.Release|Any CPU.ActiveCfg = Release|Any CPU
		{27F9D690-7A4B-4EFB-B51A-2B6C0603C68B}.Release|Any CPU.Build.0 = Release|Any CPU
		{C5C24533-9218-430E-A5E2-B709CC2049B6}.Debug|Any CPU.ActiveCfg = Debug|Any CPU
		{C5C24533-9218-430E-A5E2-B709CC2049B6}.Debug|Any CPU.Build.0 = Debug|Any CPU
		{C5C24533-9218-430E-A5E2-B709CC2049B6}.Release|Any CPU.ActiveCfg = Release|Any CPU
		{C5C24533-9218-430E-A5E2-B709CC2049B6}.Release|Any CPU.Build.0 = Release|Any CPU
		{B58235A9-F8F5-4773-AA2C-11FD3080275A}.Debug|Any CPU.ActiveCfg = Debug|Any CPU
		{B58235A9-F8F5-4773-AA2C-11FD3080275A}.Debug|Any CPU.Build.0 = Debug|Any CPU
		{B58235A9-F8F5-4773-AA2C-11FD3080275A}.Release|Any CPU.ActiveCfg = Release|Any CPU
		{B58235A9-F8F5-4773-AA2C-11FD3080275A}.Release|Any CPU.Build.0 = Release|Any CPU
		{2E1DB2D2-3FA8-4254-B72D-1C6B0E5F10E0}.Debug|Any CPU.ActiveCfg = Debug|Any CPU
		{2E1DB2D2-3FA8-4254-B72D-1C6B0E5F10E0}.Debug|Any CPU.Build.0 = Debug|Any CPU
		{2E1DB2D2-3FA8-4254-B72D-1C6B0E5F10E0}.Release|Any CPU.ActiveCfg = Release|Any CPU
		{2E1DB2D2-3FA8-4254-B72D-1C6B0E5F10E0}.Release|Any CPU.Build.0 = Release|Any CPU
		{9D4F8050-4151-443C-8C5E-E20A9AC1F017}.Debug|Any CPU.ActiveCfg = Debug|Any CPU
		{9D4F8050-4151-443C-8C5E-E20A9AC1F017}.Debug|Any CPU.Build.0 = Debug|Any CPU
		{9D4F8050-4151-443C-8C5E-E20A9AC1F017}.Release|Any CPU.ActiveCfg = Release|Any CPU
		{9D4F8050-4151-443C-8C5E-E20A9AC1F017}.Release|Any CPU.Build.0 = Release|Any CPU
		{BAF4875A-AC44-4EF4-807C-55F110CB7B9A}.Debug|Any CPU.ActiveCfg = Debug|Any CPU
		{BAF4875A-AC44-4EF4-807C-55F110CB7B9A}.Debug|Any CPU.Build.0 = Debug|Any CPU
		{BAF4875A-AC44-4EF4-807C-55F110CB7B9A}.Release|Any CPU.ActiveCfg = Release|Any CPU
		{BAF4875A-AC44-4EF4-807C-55F110CB7B9A}.Release|Any CPU.Build.0 = Release|Any CPU
		{F3D77CE9-B5ED-820C-AD4E-8E1C5F19ABDA}.Debug|Any CPU.ActiveCfg = Debug|Any CPU
		{F3D77CE9-B5ED-820C-AD4E-8E1C5F19ABDA}.Debug|Any CPU.Build.0 = Debug|Any CPU
		{F3D77CE9-B5ED-820C-AD4E-8E1C5F19ABDA}.Release|Any CPU.ActiveCfg = Release|Any CPU
		{F3D77CE9-B5ED-820C-AD4E-8E1C5F19ABDA}.Release|Any CPU.Build.0 = Release|Any CPU
		{9DBA966D-9547-49D2-92E1-F45A784FF4DF}.Debug|Any CPU.ActiveCfg = Debug|Any CPU
		{9DBA966D-9547-49D2-92E1-F45A784FF4DF}.Debug|Any CPU.Build.0 = Debug|Any CPU
		{9DBA966D-9547-49D2-92E1-F45A784FF4DF}.Release|Any CPU.ActiveCfg = Release|Any CPU
		{9DBA966D-9547-49D2-92E1-F45A784FF4DF}.Release|Any CPU.Build.0 = Release|Any CPU
		{6465B9CD-A722-46D2-9405-916E3160FCEA}.Debug|Any CPU.ActiveCfg = Debug|Any CPU
		{6465B9CD-A722-46D2-9405-916E3160FCEA}.Debug|Any CPU.Build.0 = Debug|Any CPU
		{6465B9CD-A722-46D2-9405-916E3160FCEA}.Release|Any CPU.ActiveCfg = Release|Any CPU
		{6465B9CD-A722-46D2-9405-916E3160FCEA}.Release|Any CPU.Build.0 = Release|Any CPU
		{567BA714-9B10-43E2-973A-70CC249FB685}.Debug|Any CPU.ActiveCfg = Debug|Any CPU
		{567BA714-9B10-43E2-973A-70CC249FB685}.Debug|Any CPU.Build.0 = Debug|Any CPU
		{567BA714-9B10-43E2-973A-70CC249FB685}.Release|Any CPU.ActiveCfg = Release|Any CPU
		{567BA714-9B10-43E2-973A-70CC249FB685}.Release|Any CPU.Build.0 = Release|Any CPU
		{C52673C7-3078-4B6C-9482-B7C492887C6C}.Debug|Any CPU.ActiveCfg = Debug|Any CPU
		{C52673C7-3078-4B6C-9482-B7C492887C6C}.Debug|Any CPU.Build.0 = Debug|Any CPU
		{C52673C7-3078-4B6C-9482-B7C492887C6C}.Release|Any CPU.ActiveCfg = Release|Any CPU
		{C52673C7-3078-4B6C-9482-B7C492887C6C}.Release|Any CPU.Build.0 = Release|Any CPU
		{28B3BD8E-2B34-9CDB-DB2A-8986FC3D8190}.Debug|Any CPU.ActiveCfg = Debug|Any CPU
		{28B3BD8E-2B34-9CDB-DB2A-8986FC3D8190}.Debug|Any CPU.Build.0 = Debug|Any CPU
		{28B3BD8E-2B34-9CDB-DB2A-8986FC3D8190}.Release|Any CPU.ActiveCfg = Release|Any CPU
		{28B3BD8E-2B34-9CDB-DB2A-8986FC3D8190}.Release|Any CPU.Build.0 = Release|Any CPU
		{B4C34BA1-46E9-4A5E-BADC-27E14361A6E1}.Debug|Any CPU.ActiveCfg = Debug|Any CPU
		{B4C34BA1-46E9-4A5E-BADC-27E14361A6E1}.Debug|Any CPU.Build.0 = Debug|Any CPU
		{B4C34BA1-46E9-4A5E-BADC-27E14361A6E1}.Release|Any CPU.ActiveCfg = Release|Any CPU
		{B4C34BA1-46E9-4A5E-BADC-27E14361A6E1}.Release|Any CPU.Build.0 = Release|Any CPU
		{F91BE7AB-F111-4F20-8FF0-37B4EB43CF97}.Debug|Any CPU.ActiveCfg = Debug|Any CPU
		{F91BE7AB-F111-4F20-8FF0-37B4EB43CF97}.Debug|Any CPU.Build.0 = Debug|Any CPU
		{F91BE7AB-F111-4F20-8FF0-37B4EB43CF97}.Release|Any CPU.ActiveCfg = Release|Any CPU
		{F91BE7AB-F111-4F20-8FF0-37B4EB43CF97}.Release|Any CPU.Build.0 = Release|Any CPU
		{1B15F0A4-E7E9-485F-A903-DE6C953F1AEA}.Debug|Any CPU.ActiveCfg = Debug|Any CPU
		{1B15F0A4-E7E9-485F-A903-DE6C953F1AEA}.Debug|Any CPU.Build.0 = Debug|Any CPU
		{1B15F0A4-E7E9-485F-A903-DE6C953F1AEA}.Release|Any CPU.ActiveCfg = Release|Any CPU
		{1B15F0A4-E7E9-485F-A903-DE6C953F1AEA}.Release|Any CPU.Build.0 = Release|Any CPU
		{1CAC00AC-A06B-4384-AF15-B6A2B3D21AE9}.Debug|Any CPU.ActiveCfg = Debug|Any CPU
		{1CAC00AC-A06B-4384-AF15-B6A2B3D21AE9}.Debug|Any CPU.Build.0 = Debug|Any CPU
		{1CAC00AC-A06B-4384-AF15-B6A2B3D21AE9}.Release|Any CPU.ActiveCfg = Release|Any CPU
		{1CAC00AC-A06B-4384-AF15-B6A2B3D21AE9}.Release|Any CPU.Build.0 = Release|Any CPU
		{F53EDE85-3D0B-4F2F-B51E-FC30E6BC803E}.Debug|Any CPU.ActiveCfg = Debug|Any CPU
		{F53EDE85-3D0B-4F2F-B51E-FC30E6BC803E}.Debug|Any CPU.Build.0 = Debug|Any CPU
		{F53EDE85-3D0B-4F2F-B51E-FC30E6BC803E}.Release|Any CPU.ActiveCfg = Release|Any CPU
		{F53EDE85-3D0B-4F2F-B51E-FC30E6BC803E}.Release|Any CPU.Build.0 = Release|Any CPU
		{523A6C2D-4B72-4E0D-AF28-83F2E4E306B6}.Debug|Any CPU.ActiveCfg = Debug|Any CPU
		{523A6C2D-4B72-4E0D-AF28-83F2E4E306B6}.Debug|Any CPU.Build.0 = Debug|Any CPU
		{523A6C2D-4B72-4E0D-AF28-83F2E4E306B6}.Release|Any CPU.ActiveCfg = Release|Any CPU
		{523A6C2D-4B72-4E0D-AF28-83F2E4E306B6}.Release|Any CPU.Build.0 = Release|Any CPU
		{B3E4638E-466D-40FC-82DD-BEB900167F20}.Debug|Any CPU.ActiveCfg = Debug|Any CPU
		{B3E4638E-466D-40FC-82DD-BEB900167F20}.Debug|Any CPU.Build.0 = Debug|Any CPU
		{B3E4638E-466D-40FC-82DD-BEB900167F20}.Release|Any CPU.ActiveCfg = Release|Any CPU
		{B3E4638E-466D-40FC-82DD-BEB900167F20}.Release|Any CPU.Build.0 = Release|Any CPU
		{60210AED-C6DA-41EE-A5B0-C8D139E2E8E2}.Debug|Any CPU.ActiveCfg = Debug|Any CPU
		{60210AED-C6DA-41EE-A5B0-C8D139E2E8E2}.Debug|Any CPU.Build.0 = Debug|Any CPU
		{60210AED-C6DA-41EE-A5B0-C8D139E2E8E2}.Release|Any CPU.ActiveCfg = Release|Any CPU
		{60210AED-C6DA-41EE-A5B0-C8D139E2E8E2}.Release|Any CPU.Build.0 = Release|Any CPU
		{27DD372F-70E8-4BB5-8BDA-28094998FE40}.Debug|Any CPU.ActiveCfg = Debug|Any CPU
		{27DD372F-70E8-4BB5-8BDA-28094998FE40}.Debug|Any CPU.Build.0 = Debug|Any CPU
		{27DD372F-70E8-4BB5-8BDA-28094998FE40}.Release|Any CPU.ActiveCfg = Release|Any CPU
		{27DD372F-70E8-4BB5-8BDA-28094998FE40}.Release|Any CPU.Build.0 = Release|Any CPU
		{3E120801-264F-4136-BD9B-DBFC7B276E60}.Debug|Any CPU.ActiveCfg = Debug|Any CPU
		{3E120801-264F-4136-BD9B-DBFC7B276E60}.Debug|Any CPU.Build.0 = Debug|Any CPU
		{3E120801-264F-4136-BD9B-DBFC7B276E60}.Debug|Any CPU.Deploy.0 = Debug|Any CPU
		{3E120801-264F-4136-BD9B-DBFC7B276E60}.Release|Any CPU.ActiveCfg = Release|Any CPU
		{3E120801-264F-4136-BD9B-DBFC7B276E60}.Release|Any CPU.Build.0 = Release|Any CPU
		{CB694F21-CAAC-4C20-AD04-F0F98041DE94}.Debug|Any CPU.ActiveCfg = Debug|Any CPU
		{CB694F21-CAAC-4C20-AD04-F0F98041DE94}.Debug|Any CPU.Build.0 = Debug|Any CPU
		{CB694F21-CAAC-4C20-AD04-F0F98041DE94}.Release|Any CPU.ActiveCfg = Release|Any CPU
		{CB694F21-CAAC-4C20-AD04-F0F98041DE94}.Release|Any CPU.Build.0 = Release|Any CPU
		{078864C1-E9EB-4D99-A4CA-9D6A685F3E5F}.Debug|Any CPU.ActiveCfg = Debug|Any CPU
		{078864C1-E9EB-4D99-A4CA-9D6A685F3E5F}.Debug|Any CPU.Build.0 = Debug|Any CPU
		{078864C1-E9EB-4D99-A4CA-9D6A685F3E5F}.Release|Any CPU.ActiveCfg = Release|Any CPU
		{078864C1-E9EB-4D99-A4CA-9D6A685F3E5F}.Release|Any CPU.Build.0 = Release|Any CPU
		{FA6494D6-FC79-F27F-D65E-A14975F99146}.Debug|Any CPU.ActiveCfg = Debug|Any CPU
		{FA6494D6-FC79-F27F-D65E-A14975F99146}.Debug|Any CPU.Build.0 = Debug|Any CPU
		{FA6494D6-FC79-F27F-D65E-A14975F99146}.Release|Any CPU.ActiveCfg = Release|Any CPU
		{FA6494D6-FC79-F27F-D65E-A14975F99146}.Release|Any CPU.Build.0 = Release|Any CPU
	EndGlobalSection
	GlobalSection(SolutionProperties) = preSolution
		HideSolutionNode = FALSE
	EndGlobalSection
	GlobalSection(NestedProjects) = preSolution
		{378ECD17-3464-4F2E-B03A-C45768064EBE} = {02EA681E-C7D8-13C7-8484-4AC65E1B71E8}
		{4EF6AAA2-929D-4473-8EA6-66735615CAC9} = {02EA681E-C7D8-13C7-8484-4AC65E1B71E8}
		{14360A8D-9ABA-4DA9-BA91-3D411BA844A1} = {D0D724D6-952B-4BAC-83E5-4C839A4DF2FE}
		{D0D724D6-952B-4BAC-83E5-4C839A4DF2FE} = {378ECD17-3464-4F2E-B03A-C45768064EBE}
		{240C21C6-DCA8-4D3B-96E0-BD8210D92485} = {D0D724D6-952B-4BAC-83E5-4C839A4DF2FE}
		{698F8087-36C7-4C83-AA47-E2B2DA4ACCFE} = {D0D724D6-952B-4BAC-83E5-4C839A4DF2FE}
		{0D4DD0EC-1586-4916-9BEF-E28D0BBBE9D3} = {D0D724D6-952B-4BAC-83E5-4C839A4DF2FE}
		{8D333603-A934-442A-8FD0-831710F0E4CB} = {378ECD17-3464-4F2E-B03A-C45768064EBE}
		{BE1C6356-11AD-434D-ABDA-1EB0C225ED45} = {378ECD17-3464-4F2E-B03A-C45768064EBE}
		{F641BB17-0570-46AE-8ECB-3D46A5F01A0F} = {378ECD17-3464-4F2E-B03A-C45768064EBE}
		{FD83F6CD-9F9B-4E29-944C-6DC41AF7B79D} = {378ECD17-3464-4F2E-B03A-C45768064EBE}
		{AFCD2C57-271D-4AC3-991F-D261D0301053} = {378ECD17-3464-4F2E-B03A-C45768064EBE}
		{AF6C777E-EEFB-48C8-A83B-F4674741D15C} = {378ECD17-3464-4F2E-B03A-C45768064EBE}
		{7DE84491-EA79-4562-BD42-1F4C30307A2B} = {02EA681E-C7D8-13C7-8484-4AC65E1B71E8}
		{828BD249-DE9D-4C8B-A49E-74F8C6324243} = {D0D724D6-952B-4BAC-83E5-4C839A4DF2FE}
		{BF0407E0-5AE6-F04A-3FF9-0FD023692F53} = {8D333603-A934-442A-8FD0-831710F0E4CB}
		{446B0A4F-A5A1-4934-81F3-06F52C69129C} = {8D333603-A934-442A-8FD0-831710F0E4CB}
		{4AA2B69A-836D-41BC-8239-6234A3A4F7A2} = {8D333603-A934-442A-8FD0-831710F0E4CB}
		{C1827108-BC26-4298-811B-4BA8FAFA3209} = {8D333603-A934-442A-8FD0-831710F0E4CB}
		{F62304AF-C651-4CD2-A11C-1B3BF036DB6D} = {8D333603-A934-442A-8FD0-831710F0E4CB}
		{4AF00B5E-5B68-A101-7ED8-90978F53AFC1} = {F641BB17-0570-46AE-8ECB-3D46A5F01A0F}
		{4630A3F2-4707-4294-BB8B-6BF702669585} = {F641BB17-0570-46AE-8ECB-3D46A5F01A0F}
		{D5E0B8AF-4F7C-412D-9701-0DC20C07125D} = {F641BB17-0570-46AE-8ECB-3D46A5F01A0F}
		{E65AB446-0D33-4560-A4E7-3DA0ACCB2BAF} = {F641BB17-0570-46AE-8ECB-3D46A5F01A0F}
		{ABC2327D-3F99-4E16-BFEA-BA80F118BC0F} = {F641BB17-0570-46AE-8ECB-3D46A5F01A0F}
		{CEEDC0FF-423C-AE12-A214-CE38245F5593} = {BE1C6356-11AD-434D-ABDA-1EB0C225ED45}
		{7B18F0F7-B94C-4476-AD9F-F4D51BE08F43} = {BE1C6356-11AD-434D-ABDA-1EB0C225ED45}
		{8523E935-218C-44DF-A516-27F9A2477D9D} = {BE1C6356-11AD-434D-ABDA-1EB0C225ED45}
		{27F9D690-7A4B-4EFB-B51A-2B6C0603C68B} = {BE1C6356-11AD-434D-ABDA-1EB0C225ED45}
		{C5C24533-9218-430E-A5E2-B709CC2049B6} = {BE1C6356-11AD-434D-ABDA-1EB0C225ED45}
		{22BA3189-D259-4B3D-9D6E-28F919716D51} = {7BA99C49-2BA1-4A93-9BF4-111B6EDAD6E0}
		{2895B02A-4520-4133-A9E2-8D8C6A48EBAC} = {7BA99C49-2BA1-4A93-9BF4-111B6EDAD6E0}
		{B58235A9-F8F5-4773-AA2C-11FD3080275A} = {22BA3189-D259-4B3D-9D6E-28F919716D51}
		{2E1DB2D2-3FA8-4254-B72D-1C6B0E5F10E0} = {22BA3189-D259-4B3D-9D6E-28F919716D51}
		{9D4F8050-4151-443C-8C5E-E20A9AC1F017} = {2895B02A-4520-4133-A9E2-8D8C6A48EBAC}
		{BAF4875A-AC44-4EF4-807C-55F110CB7B9A} = {2895B02A-4520-4133-A9E2-8D8C6A48EBAC}
		{C4B63E92-51F2-415D-B383-ED2DC667ACA1} = {02EA681E-C7D8-13C7-8484-4AC65E1B71E8}
		{7E63F1DE-C3F0-4922-8228-C385E83F2E6D} = {02EA681E-C7D8-13C7-8484-4AC65E1B71E8}
		{D7645B54-DAFB-4ADF-A8DC-F140A5FDD960} = {9790FD25-6E6E-410E-8E32-55876905FDD1}
		{92C97960-3A35-45A0-875D-3648C2F4E552} = {9790FD25-6E6E-410E-8E32-55876905FDD1}
		{8A79189C-C7A5-4D7D-85A2-D456A854C5D6} = {F41C5174-362B-4EC5-AA0F-54E0C92F50D9}
		{F3D77CE9-B5ED-820C-AD4E-8E1C5F19ABDA} = {FD83F6CD-9F9B-4E29-944C-6DC41AF7B79D}
		{9DBA966D-9547-49D2-92E1-F45A784FF4DF} = {FD83F6CD-9F9B-4E29-944C-6DC41AF7B79D}
		{6465B9CD-A722-46D2-9405-916E3160FCEA} = {FD83F6CD-9F9B-4E29-944C-6DC41AF7B79D}
		{567BA714-9B10-43E2-973A-70CC249FB685} = {FD83F6CD-9F9B-4E29-944C-6DC41AF7B79D}
		{C52673C7-3078-4B6C-9482-B7C492887C6C} = {FD83F6CD-9F9B-4E29-944C-6DC41AF7B79D}
		{28B3BD8E-2B34-9CDB-DB2A-8986FC3D8190} = {AFCD2C57-271D-4AC3-991F-D261D0301053}
		{B4C34BA1-46E9-4A5E-BADC-27E14361A6E1} = {AFCD2C57-271D-4AC3-991F-D261D0301053}
		{F91BE7AB-F111-4F20-8FF0-37B4EB43CF97} = {AFCD2C57-271D-4AC3-991F-D261D0301053}
		{1B15F0A4-E7E9-485F-A903-DE6C953F1AEA} = {AFCD2C57-271D-4AC3-991F-D261D0301053}
		{1CAC00AC-A06B-4384-AF15-B6A2B3D21AE9} = {AFCD2C57-271D-4AC3-991F-D261D0301053}
		{F53EDE85-3D0B-4F2F-B51E-FC30E6BC803E} = {AF6C777E-EEFB-48C8-A83B-F4674741D15C}
		{523A6C2D-4B72-4E0D-AF28-83F2E4E306B6} = {AF6C777E-EEFB-48C8-A83B-F4674741D15C}
		{B3E4638E-466D-40FC-82DD-BEB900167F20} = {AF6C777E-EEFB-48C8-A83B-F4674741D15C}
		{60210AED-C6DA-41EE-A5B0-C8D139E2E8E2} = {7E63F1DE-C3F0-4922-8228-C385E83F2E6D}
		{27DD372F-70E8-4BB5-8BDA-28094998FE40} = {7E63F1DE-C3F0-4922-8228-C385E83F2E6D}
		{3E120801-264F-4136-BD9B-DBFC7B276E60} = {4EF6AAA2-929D-4473-8EA6-66735615CAC9}
		{CB694F21-CAAC-4C20-AD04-F0F98041DE94} = {4EF6AAA2-929D-4473-8EA6-66735615CAC9}
		{078864C1-E9EB-4D99-A4CA-9D6A685F3E5F} = {4EF6AAA2-929D-4473-8EA6-66735615CAC9}
		{FA6494D6-FC79-F27F-D65E-A14975F99146} = {C4B63E92-51F2-415D-B383-ED2DC667ACA1}
	EndGlobalSection
	GlobalSection(ExtensibilityGlobals) = postSolution
		SolutionGuid = {76215A80-C057-4592-B389-BA539452C930}
	EndGlobalSection
EndGlobal
