
Microsoft Visual Studio Solution File, Format Version 12.00
# Visual Studio Version 17
VisualStudioVersion = 17.14.36109.1
MinimumVisualStudioVersion = 10.0.40219.1
Project("{2150E333-8FDC-42A3-9474-1A3956D46DE8}") = "src", "src", "{02EA681E-C7D8-13C7-8484-4AC65E1B71E8}"
EndProject
Project("{2150E333-8FDC-42A3-9474-1A3956D46DE8}") = "Services", "Services", "{378ECD17-3464-4F2E-B03A-C45768064EBE}"
EndProject
Project("{2150E333-8FDC-42A3-9474-1A3956D46DE8}") = "Frontend", "Frontend", "{4EF6AAA2-929D-4473-8EA6-66735615CAC9}"
EndProject
Project("{2150E333-8FDC-42A3-9474-1A3956D46DE8}") = "IdentityService", "IdentityService", "{D0D724D6-952B-4BAC-83E5-4C839A4DF2FE}"
	ProjectSection(SolutionItems) = preProject
		IdentityService.API\Dockerfile = IdentityService.API\Dockerfile
	EndProjectSection
EndProject
Project("{2150E333-8FDC-42A3-9474-1A3956D46DE8}") = "ProdutoService", "ProdutoService", "{8D333603-A934-442A-8FD0-831710F0E4CB}"
	ProjectSection(SolutionItems) = preProject
		ProdutoService.API\Dockerfile = ProdutoService.API\Dockerfile
	EndProjectSection
EndProject
Project("{2150E333-8FDC-42A3-9474-1A3956D46DE8}") = "PedidoService", "PedidoService", "{BE1C6356-11AD-434D-ABDA-1EB0C225ED45}"
	ProjectSection(SolutionItems) = preProject
		PedidoService.API\Dockerfile = PedidoService.API\Dockerfile
	EndProjectSection
EndProject
Project("{2150E333-8FDC-42A3-9474-1A3956D46DE8}") = "EstoqueService", "EstoqueService", "{F641BB17-0570-46AE-8ECB-3D46A5F01A0F}"
	ProjectSection(SolutionItems) = preProject
		EstoqueService.API\Dockerfile = EstoqueService.API\Dockerfile
	EndProjectSection
EndProject
Project("{2150E333-8FDC-42A3-9474-1A3956D46DE8}") = "PagamentoService", "PagamentoService", "{FD83F6CD-9F9B-4E29-944C-6DC41AF7B79D}"
	ProjectSection(SolutionItems) = preProject
		PagamentoService.API\Dockerfile = PagamentoService.API\Dockerfile
	EndProjectSection
EndProject
Project("{2150E333-8FDC-42A3-9474-1A3956D46DE8}") = "NotificacaoService", "NotificacaoService", "{AFCD2C57-271D-4AC3-991F-D261D0301053}"
	ProjectSection(SolutionItems) = preProject
		NotificacaoService.API\Dockerfile = NotificacaoService.API\Dockerfile
	EndProjectSection
EndProject
Project("{2150E333-8FDC-42A3-9474-1A3956D46DE8}") = "ObservabilidadeService", "ObservabilidadeService", "{AF6C777E-EEFB-48C8-A83B-F4674741D15C}"
EndProject
Project("{FAE04EC0-301F-11D3-BF4B-00C04F79EFBC}") = "BigEcommerce.AppHost", "BigEcommerce.AppHost\BigEcommerce.AppHost.csproj", "{7DE84491-EA79-4562-BD42-1F4C30307A2B}"
EndProject
Project("{2150E333-8FDC-42A3-9474-1A3956D46DE8}") = "tests", "tests", "{7BA99C49-2BA1-4A93-9BF4-111B6EDAD6E0}"
EndProject
Project("{2150E333-8FDC-42A3-9474-1A3956D46DE8}") = "infrastructure", "infrastructure", "{9790FD25-6E6E-410E-8E32-55876905FDD1}"
EndProject
Project("{2150E333-8FDC-42A3-9474-1A3956D46DE8}") = ".github", ".github", "{F41C5174-362B-4EC5-AA0F-54E0C92F50D9}"
EndProject
Project("{2150E333-8FDC-42A3-9474-1A3956D46DE8}") = "docs", "docs", "{1AF8E453-01B3-4555-A483-4B99C943E6A6}"
EndProject
Project("{2150E333-8FDC-42A3-9474-1A3956D46DE8}") = "scripts", "scripts", "{36180D8A-0AF5-4D0B-B382-48AB6D2281E1}"
EndProject
Project("{2150E333-8FDC-42A3-9474-1A3956D46DE8}") = "Unit", "Unit", "{22BA3189-D259-4B3D-9D6E-28F919716D51}"
EndProject
Project("{2150E333-8FDC-42A3-9474-1A3956D46DE8}") = "Integration", "Integration", "{2895B02A-4520-4133-A9E2-8D8C6A48EBAC}"
EndProject
Project("{2150E333-8FDC-42A3-9474-1A3956D46DE8}") = "Gateway", "Gateway", "{C4B63E92-51F2-415D-B383-ED2DC667ACA1}"
	ProjectSection(SolutionItems) = preProject
		Gateway.YARP\Dockerfile = Gateway.YARP\Dockerfile
	EndProjectSection
EndProject
Project("{2150E333-8FDC-42A3-9474-1A3956D46DE8}") = "Shared", "Shared", "{7E63F1DE-C3F0-4922-8228-C385E83F2E6D}"
	ProjectSection(SolutionItems) = preProject
		.proto = .proto
	EndProjectSection
EndProject
Project("{2150E333-8FDC-42A3-9474-1A3956D46DE8}") = "docker", "docker", "{D7645B54-DAFB-4ADF-A8DC-F140A5FDD960}"
	ProjectSection(SolutionItems) = preProject
		infrastructure\docker\docker-compose.yml = infrastructure\docker\docker-compose.yml
	EndProjectSection
EndProject
Project("{2150E333-8FDC-42A3-9474-1A3956D46DE8}") = "terraform", "terraform", "{92C97960-3A35-45A0-875D-3648C2F4E552}"
	ProjectSection(SolutionItems) = preProject
		infrastructure\terraform\main.tf = infrastructure\terraform\main.tf
		infrastructure\terraform\prometheus.yml = infrastructure\terraform\prometheus.yml
		infrastructure\terraform\variables.tf = infrastructure\terraform\variables.tf
	EndProjectSection
EndProject
Project("{2150E333-8FDC-42A3-9474-1A3956D46DE8}") = "workflows", "workflows", "{8A79189C-C7A5-4D7D-85A2-D456A854C5D6}"
	ProjectSection(SolutionItems) = preProject
		.github\workflows\ci.yml = .github\workflows\ci.yml
	EndProjectSection
EndProject
Project("{2150E333-8FDC-42A3-9474-1A3956D46DE8}") = "BigEcommerceApp", "BigEcommerceApp", "{9F37A746-3FBD-4C59-8736-262B4EC98EAA}"
	ProjectSection(SolutionItems) = preProject
		BigEcommerce.App\BigEcommerce.App.Web\Dockerfile = BigEcommerce.App\BigEcommerce.App.Web\Dockerfile
	EndProjectSection
EndProject
Project("{FAE04EC0-301F-11D3-BF4B-00C04F79EFBC}") = "ProdutoService.IntegrationTests", "tests\Integration\ProdutoService.IntegrationTests\ProdutoService.IntegrationTests.csproj", "{3E5B5189-800D-5848-B56C-416E1CC9FA5B}"
EndProject
Project("{FAE04EC0-301F-11D3-BF4B-00C04F79EFBC}") = "PedidoService.IntegrationTests", "tests\Integration\PedidoService.IntegrationTests\PedidoService.IntegrationTests.csproj", "{C1B29A44-0085-9522-B583-F6AF0BB9B89B}"
EndProject
Project("{FAE04EC0-301F-11D3-BF4B-00C04F79EFBC}") = "PedidoService.Tests", "tests\Unit\PedidoService.Tests\PedidoService.Tests.csproj", "{8852AB6C-C79D-0D72-341F-3DEE8E60D27A}"
EndProject
Project("{FAE04EC0-301F-11D3-BF4B-00C04F79EFBC}") = "ProdutoService.Tests", "tests\Unit\ProdutoService.Tests\ProdutoService.Tests.csproj", "{FDB3D48A-FC98-049E-23FE-2BE59F5E4F4B}"
EndProject
Project("{FAE04EC0-301F-11D3-BF4B-00C04F79EFBC}") = "Gateway.YARP", "src\Gateway\Gateway.YARP\Gateway.YARP.csproj", "{F7CC6210-C068-7E03-0D89-BF394A756323}"
EndProject
Project("{FAE04EC0-301F-11D3-BF4B-00C04F79EFBC}") = "EstoqueService.API", "src\Services\EstoqueService\EstoqueService.API\EstoqueService.API.csproj", "{534FED4E-9FA0-3A45-9286-C9E4EA3E37FC}"
EndProject
Project("{FAE04EC0-301F-11D3-BF4B-00C04F79EFBC}") = "EstoqueService.Application", "src\Services\EstoqueService\EstoqueService.Application\EstoqueService.Application.csproj", "{F5A0F2D8-316D-5750-AE0D-EAF03A450F21}"
EndProject
Project("{FAE04EC0-301F-11D3-BF4B-00C04F79EFBC}") = "EstoqueService.Domain", "src\Services\EstoqueService\EstoqueService.Domain\EstoqueService.Domain.csproj", "{9B431191-BA0D-BA64-EE84-F63920EF08C1}"
EndProject
Project("{FAE04EC0-301F-11D3-BF4B-00C04F79EFBC}") = "EstoqueService.gRPC", "src\Services\EstoqueService\EstoqueService.gRPC\EstoqueService.gRPC.csproj", "{73629DD2-67A1-4F93-89DF-CC75B34A4A7C}"
EndProject
Project("{FAE04EC0-301F-11D3-BF4B-00C04F79EFBC}") = "EstoqueService.Infrastructure", "src\Services\EstoqueService\EstoqueService.Infrastructure\EstoqueService.Infrastructure.csproj", "{B3F2FF81-F1EE-3918-911B-F50741BACC10}"
EndProject
Project("{FAE04EC0-301F-11D3-BF4B-00C04F79EFBC}") = "IdentityService.API", "src\Services\IdentityService\IdentityService.API\IdentityService.API.csproj", "{F3140719-DBC6-7569-9C8A-894D63AB95DF}"
EndProject
Project("{FAE04EC0-301F-11D3-BF4B-00C04F79EFBC}") = "IdentityService.Application", "src\Services\IdentityService\IdentityService.Application\IdentityService.Application.csproj", "{7C23EFFC-A07C-A70E-3C7B-652DB3B06471}"
EndProject
Project("{FAE04EC0-301F-11D3-BF4B-00C04F79EFBC}") = "IdentityService.Domain", "src\Services\IdentityService\IdentityService.Domain\IdentityService.Domain.csproj", "{C1A1F16E-5110-0ED2-1EA6-18A8574DC4A6}"
EndProject
Project("{FAE04EC0-301F-11D3-BF4B-00C04F79EFBC}") = "IdentityService.gRPC", "src\Services\IdentityService\IdentityService.gRPC\IdentityService.gRPC.csproj", "{39B029EB-E75A-8511-92F6-037D03345D5D}"
EndProject
Project("{FAE04EC0-301F-11D3-BF4B-00C04F79EFBC}") = "IdentityService.Infrastructure", "src\Services\IdentityService\IdentityService.Infrastructure\IdentityService.Infrastructure.csproj", "{C5646CC0-105A-7381-7FA7-226FD9D6B1F6}"
EndProject
Project("{FAE04EC0-301F-11D3-BF4B-00C04F79EFBC}") = "NotificacaoService.API", "src\Services\NotificacaoService\NotificacaoService.API\NotificacaoService.API.csproj", "{BF53E903-1DA6-5C72-B4DE-6550900C8114}"
EndProject
Project("{FAE04EC0-301F-11D3-BF4B-00C04F79EFBC}") = "NotificacaoService.Application", "src\Services\NotificacaoService\NotificacaoService.Application\NotificacaoService.Application.csproj", "{B5C8643F-EC6A-4142-0F8F-7100290C8790}"
EndProject
Project("{FAE04EC0-301F-11D3-BF4B-00C04F79EFBC}") = "NotificacaoService.Domain", "src\Services\NotificacaoService\NotificacaoService.Domain\NotificacaoService.Domain.csproj", "{5296CCDD-727B-EE7D-05B5-C3D1C57018BB}"
EndProject
Project("{FAE04EC0-301F-11D3-BF4B-00C04F79EFBC}") = "NotificacaoService.gRPC", "src\Services\NotificacaoService\NotificacaoService.gRPC\NotificacaoService.gRPC.csproj", "{DEB2ED28-81E2-C068-74A0-A293E785DDE0}"
EndProject
Project("{FAE04EC0-301F-11D3-BF4B-00C04F79EFBC}") = "NotificacaoService.Infrastructure", "src\Services\NotificacaoService\NotificacaoService.Infrastructure\NotificacaoService.Infrastructure.csproj", "{FD4411A4-79ED-0334-DC56-5414596CE6FF}"
EndProject
Project("{FAE04EC0-301F-11D3-BF4B-00C04F79EFBC}") = "ObservabilidadeService.Logs", "src\Services\ObservabilidadeService\ObservabilidadeService.Logs\ObservabilidadeService.Logs.csproj", "{14D6FE27-68F6-5B68-682F-C23FBD05F860}"
EndProject
Project("{FAE04EC0-301F-11D3-BF4B-00C04F79EFBC}") = "ObservabilidadeService.Metrics", "src\Services\ObservabilidadeService\ObservabilidadeService.Metrics\ObservabilidadeService.Metrics.csproj", "{F01C3D88-B066-C809-397A-5016B6C9A218}"
EndProject
Project("{FAE04EC0-301F-11D3-BF4B-00C04F79EFBC}") = "ObservabilidadeService.Tracing", "src\Services\ObservabilidadeService\ObservabilidadeService.Tracing\ObservabilidadeService.Tracing.csproj", "{B5F9F718-520A-DEAF-77F8-E0B8D33057EC}"
EndProject
Project("{FAE04EC0-301F-11D3-BF4B-00C04F79EFBC}") = "PagamentoService.API", "src\Services\PagamentoService\PagamentoService.API\PagamentoService.API.csproj", "{008A5CB5-A7AB-AF04-CF72-5EC857334A0F}"
EndProject
Project("{FAE04EC0-301F-11D3-BF4B-00C04F79EFBC}") = "PagamentoService.Application", "src\Services\PagamentoService\PagamentoService.Application\PagamentoService.Application.csproj", "{9A34E70B-1CD6-18C5-1289-243A68CC55AC}"
EndProject
Project("{FAE04EC0-301F-11D3-BF4B-00C04F79EFBC}") = "PagamentoService.Domain", "src\Services\PagamentoService\PagamentoService.Domain\PagamentoService.Domain.csproj", "{3A10FE97-5DB6-2744-5514-FC01B28B3D41}"
EndProject
Project("{FAE04EC0-301F-11D3-BF4B-00C04F79EFBC}") = "PagamentoService.gRPC", "src\Services\PagamentoService\PagamentoService.gRPC\PagamentoService.gRPC.csproj", "{5B632011-1B79-D7A6-2071-26399523EDF6}"
EndProject
Project("{FAE04EC0-301F-11D3-BF4B-00C04F79EFBC}") = "PagamentoService.Infrastructure", "src\Services\PagamentoService\PagamentoService.Infrastructure\PagamentoService.Infrastructure.csproj", "{FD630D50-7D56-6AB6-164A-99BA9C160327}"
EndProject
Project("{FAE04EC0-301F-11D3-BF4B-00C04F79EFBC}") = "PedidoService.API", "src\Services\PedidoService\PedidoService.API\PedidoService.API.csproj", "{CDC48105-42DC-D97E-5669-CF0CAAB6803F}"
EndProject
Project("{FAE04EC0-301F-11D3-BF4B-00C04F79EFBC}") = "PedidoService.Application", "src\Services\PedidoService\PedidoService.Application\PedidoService.Application.csproj", "{85229C4E-449E-F19C-4BA8-73627EEB4F28}"
EndProject
Project("{FAE04EC0-301F-11D3-BF4B-00C04F79EFBC}") = "PedidoService.Domain", "src\Services\PedidoService\PedidoService.Domain\PedidoService.Domain.csproj", "{1CA550C6-CFFE-02B7-2C35-471834B37E32}"
EndProject
Project("{FAE04EC0-301F-11D3-BF4B-00C04F79EFBC}") = "PedidoService.gRPC", "src\Services\PedidoService\PedidoService.gRPC\PedidoService.gRPC.csproj", "{EA241702-A641-4443-FF2C-25176C1399B8}"
EndProject
Project("{FAE04EC0-301F-11D3-BF4B-00C04F79EFBC}") = "PedidoService.Infrastructure", "src\Services\PedidoService\PedidoService.Infrastructure\PedidoService.Infrastructure.csproj", "{4587CCB1-1478-015D-A868-D80FD4F6B58A}"
EndProject
Project("{FAE04EC0-301F-11D3-BF4B-00C04F79EFBC}") = "ProdutoService.API", "src\Services\ProdutoService\ProdutoService.API\ProdutoService.API.csproj", "{B5C03980-1162-B2EE-8A11-DD8EF21A5F30}"
EndProject
Project("{FAE04EC0-301F-11D3-BF4B-00C04F79EFBC}") = "ProdutoService.Application", "src\Services\ProdutoService\ProdutoService.Application\ProdutoService.Application.csproj", "{98166A34-10DB-3771-17A9-9A18542B9E30}"
EndProject
Project("{FAE04EC0-301F-11D3-BF4B-00C04F79EFBC}") = "ProdutoService.Domain", "src\Services\ProdutoService\ProdutoService.Domain\ProdutoService.Domain.csproj", "{C9B6253B-1BAC-997D-A6DC-A05E79FFD3E9}"
EndProject
Project("{FAE04EC0-301F-11D3-BF4B-00C04F79EFBC}") = "ProdutoService.gRPC", "src\Services\ProdutoService\ProdutoService.gRPC\ProdutoService.gRPC.csproj", "{16508F25-4C44-7BFC-1DE6-DB1D7C9656B4}"
EndProject
Project("{FAE04EC0-301F-11D3-BF4B-00C04F79EFBC}") = "ProdutoService.Infrastructure", "src\Services\ProdutoService\ProdutoService.Infrastructure\ProdutoService.Infrastructure.csproj", "{648C6552-A4D4-5DDF-2A00-5329007E4A17}"
EndProject
Project("{FAE04EC0-301F-11D3-BF4B-00C04F79EFBC}") = "Contracts", "src\Shared\Contracts\Contracts.csproj", "{803A92E1-07A0-164F-0DC8-23D11B932F75}"
EndProject
Project("{FAE04EC0-301F-11D3-BF4B-00C04F79EFBC}") = "Utils", "src\Shared\Utils\Utils.csproj", "{34334615-4F6A-2222-8C7A-BB3F08ED0251}"
EndProject
Project("{FAE04EC0-301F-11D3-BF4B-00C04F79EFBC}") = "BigEcommerce.App.Web", "src\Frontend\BigEcommerce.App\BigEcommerce.App.Web\BigEcommerce.App.Web.csproj", "{E86D092E-EB37-55C5-53CE-AC24A1665D55}"
EndProject
Project("{FAE04EC0-301F-11D3-BF4B-00C04F79EFBC}") = "BigEcommerce.App.Shared", "src\Frontend\BigEcommerce.App\BigEcommerce.App.Shared\BigEcommerce.App.Shared.csproj", "{969ACD69-B7DC-2ED2-AFCD-FE09749A7321}"
EndProject
Project("{FAE04EC0-301F-11D3-BF4B-00C04F79EFBC}") = "BigEcommerce.App", "src\Frontend\BigEcommerce.App\BigEcommerce.App\BigEcommerce.App.csproj", "{6D37E79D-3D19-B485-0C71-AF0678662382}"
EndProject
Global
	GlobalSection(SolutionConfigurationPlatforms) = preSolution
		Debug|Any CPU = Debug|Any CPU
		Release|Any CPU = Release|Any CPU
	EndGlobalSection
	GlobalSection(ProjectConfigurationPlatforms) = postSolution
		{7DE84491-EA79-4562-BD42-1F4C30307A2B}.Debug|Any CPU.ActiveCfg = Debug|Any CPU
		{7DE84491-EA79-4562-BD42-1F4C30307A2B}.Debug|Any CPU.Build.0 = Debug|Any CPU
		{7DE84491-EA79-4562-BD42-1F4C30307A2B}.Release|Any CPU.ActiveCfg = Release|Any CPU
		{7DE84491-EA79-4562-BD42-1F4C30307A2B}.Release|Any CPU.Build.0 = Release|Any CPU
		{3E5B5189-800D-5848-B56C-416E1CC9FA5B}.Debug|Any CPU.ActiveCfg = Debug|Any CPU
		{3E5B5189-800D-5848-B56C-416E1CC9FA5B}.Debug|Any CPU.Build.0 = Debug|Any CPU
		{3E5B5189-800D-5848-B56C-416E1CC9FA5B}.Release|Any CPU.ActiveCfg = Release|Any CPU
		{3E5B5189-800D-5848-B56C-416E1CC9FA5B}.Release|Any CPU.Build.0 = Release|Any CPU
		{C1B29A44-0085-9522-B583-F6AF0BB9B89B}.Debug|Any CPU.ActiveCfg = Debug|Any CPU
		{C1B29A44-0085-9522-B583-F6AF0BB9B89B}.Debug|Any CPU.Build.0 = Debug|Any CPU
		{C1B29A44-0085-9522-B583-F6AF0BB9B89B}.Release|Any CPU.ActiveCfg = Release|Any CPU
		{C1B29A44-0085-9522-B583-F6AF0BB9B89B}.Release|Any CPU.Build.0 = Release|Any CPU
		{8852AB6C-C79D-0D72-341F-3DEE8E60D27A}.Debug|Any CPU.ActiveCfg = Debug|Any CPU
		{8852AB6C-C79D-0D72-341F-3DEE8E60D27A}.Debug|Any CPU.Build.0 = Debug|Any CPU
		{8852AB6C-C79D-0D72-341F-3DEE8E60D27A}.Release|Any CPU.ActiveCfg = Release|Any CPU
		{8852AB6C-C79D-0D72-341F-3DEE8E60D27A}.Release|Any CPU.Build.0 = Release|Any CPU
		{FDB3D48A-FC98-049E-23FE-2BE59F5E4F4B}.Debug|Any CPU.ActiveCfg = Debug|Any CPU
		{FDB3D48A-FC98-049E-23FE-2BE59F5E4F4B}.Debug|Any CPU.Build.0 = Debug|Any CPU
		{FDB3D48A-FC98-049E-23FE-2BE59F5E4F4B}.Release|Any CPU.ActiveCfg = Release|Any CPU
		{FDB3D48A-FC98-049E-23FE-2BE59F5E4F4B}.Release|Any CPU.Build.0 = Release|Any CPU
		{F7CC6210-C068-7E03-0D89-BF394A756323}.Debug|Any CPU.ActiveCfg = Debug|Any CPU
		{F7CC6210-C068-7E03-0D89-BF394A756323}.Debug|Any CPU.Build.0 = Debug|Any CPU
		{F7CC6210-C068-7E03-0D89-BF394A756323}.Release|Any CPU.ActiveCfg = Release|Any CPU
		{F7CC6210-C068-7E03-0D89-BF394A756323}.Release|Any CPU.Build.0 = Release|Any CPU
		{534FED4E-9FA0-3A45-9286-C9E4EA3E37FC}.Debug|Any CPU.ActiveCfg = Debug|Any CPU
		{534FED4E-9FA0-3A45-9286-C9E4EA3E37FC}.Debug|Any CPU.Build.0 = Debug|Any CPU
		{534FED4E-9FA0-3A45-9286-C9E4EA3E37FC}.Release|Any CPU.ActiveCfg = Release|Any CPU
		{534FED4E-9FA0-3A45-9286-C9E4EA3E37FC}.Release|Any CPU.Build.0 = Release|Any CPU
		{F5A0F2D8-316D-5750-AE0D-EAF03A450F21}.Debug|Any CPU.ActiveCfg = Debug|Any CPU
		{F5A0F2D8-316D-5750-AE0D-EAF03A450F21}.Debug|Any CPU.Build.0 = Debug|Any CPU
		{F5A0F2D8-316D-5750-AE0D-EAF03A450F21}.Release|Any CPU.ActiveCfg = Release|Any CPU
		{F5A0F2D8-316D-5750-AE0D-EAF03A450F21}.Release|Any CPU.Build.0 = Release|Any CPU
		{9B431191-BA0D-BA64-EE84-F63920EF08C1}.Debug|Any CPU.ActiveCfg = Debug|Any CPU
		{9B431191-BA0D-BA64-EE84-F63920EF08C1}.Debug|Any CPU.Build.0 = Debug|Any CPU
		{9B431191-BA0D-BA64-EE84-F63920EF08C1}.Release|Any CPU.ActiveCfg = Release|Any CPU
		{9B431191-BA0D-BA64-EE84-F63920EF08C1}.Release|Any CPU.Build.0 = Release|Any CPU
		{73629DD2-67A1-4F93-89DF-CC75B34A4A7C}.Debug|Any CPU.ActiveCfg = Debug|Any CPU
		{73629DD2-67A1-4F93-89DF-CC75B34A4A7C}.Debug|Any CPU.Build.0 = Debug|Any CPU
		{73629DD2-67A1-4F93-89DF-CC75B34A4A7C}.Release|Any CPU.ActiveCfg = Release|Any CPU
		{73629DD2-67A1-4F93-89DF-CC75B34A4A7C}.Release|Any CPU.Build.0 = Release|Any CPU
		{B3F2FF81-F1EE-3918-911B-F50741BACC10}.Debug|Any CPU.ActiveCfg = Debug|Any CPU
		{B3F2FF81-F1EE-3918-911B-F50741BACC10}.Debug|Any CPU.Build.0 = Debug|Any CPU
		{B3F2FF81-F1EE-3918-911B-F50741BACC10}.Release|Any CPU.ActiveCfg = Release|Any CPU
		{B3F2FF81-F1EE-3918-911B-F50741BACC10}.Release|Any CPU.Build.0 = Release|Any CPU
		{F3140719-DBC6-7569-9C8A-894D63AB95DF}.Debug|Any CPU.ActiveCfg = Debug|Any CPU
		{F3140719-DBC6-7569-9C8A-894D63AB95DF}.Debug|Any CPU.Build.0 = Debug|Any CPU
		{F3140719-DBC6-7569-9C8A-894D63AB95DF}.Release|Any CPU.ActiveCfg = Release|Any CPU
		{F3140719-DBC6-7569-9C8A-894D63AB95DF}.Release|Any CPU.Build.0 = Release|Any CPU
		{7C23EFFC-A07C-A70E-3C7B-652DB3B06471}.Debug|Any CPU.ActiveCfg = Debug|Any CPU
		{7C23EFFC-A07C-A70E-3C7B-652DB3B06471}.Debug|Any CPU.Build.0 = Debug|Any CPU
		{7C23EFFC-A07C-A70E-3C7B-652DB3B06471}.Release|Any CPU.ActiveCfg = Release|Any CPU
		{7C23EFFC-A07C-A70E-3C7B-652DB3B06471}.Release|Any CPU.Build.0 = Release|Any CPU
		{C1A1F16E-5110-0ED2-1EA6-18A8574DC4A6}.Debug|Any CPU.ActiveCfg = Debug|Any CPU
		{C1A1F16E-5110-0ED2-1EA6-18A8574DC4A6}.Debug|Any CPU.Build.0 = Debug|Any CPU
		{C1A1F16E-5110-0ED2-1EA6-18A8574DC4A6}.Release|Any CPU.ActiveCfg = Release|Any CPU
		{C1A1F16E-5110-0ED2-1EA6-18A8574DC4A6}.Release|Any CPU.Build.0 = Release|Any CPU
		{39B029EB-E75A-8511-92F6-037D03345D5D}.Debug|Any CPU.ActiveCfg = Debug|Any CPU
		{39B029EB-E75A-8511-92F6-037D03345D5D}.Debug|Any CPU.Build.0 = Debug|Any CPU
		{39B029EB-E75A-8511-92F6-037D03345D5D}.Release|Any CPU.ActiveCfg = Release|Any CPU
		{39B029EB-E75A-8511-92F6-037D03345D5D}.Release|Any CPU.Build.0 = Release|Any CPU
		{C5646CC0-105A-7381-7FA7-226FD9D6B1F6}.Debug|Any CPU.ActiveCfg = Debug|Any CPU
		{C5646CC0-105A-7381-7FA7-226FD9D6B1F6}.Debug|Any CPU.Build.0 = Debug|Any CPU
		{C5646CC0-105A-7381-7FA7-226FD9D6B1F6}.Release|Any CPU.ActiveCfg = Release|Any CPU
		{C5646CC0-105A-7381-7FA7-226FD9D6B1F6}.Release|Any CPU.Build.0 = Release|Any CPU
		{BF53E903-1DA6-5C72-B4DE-6550900C8114}.Debug|Any CPU.ActiveCfg = Debug|Any CPU
		{BF53E903-1DA6-5C72-B4DE-6550900C8114}.Debug|Any CPU.Build.0 = Debug|Any CPU
		{BF53E903-1DA6-5C72-B4DE-6550900C8114}.Release|Any CPU.ActiveCfg = Release|Any CPU
		{BF53E903-1DA6-5C72-B4DE-6550900C8114}.Release|Any CPU.Build.0 = Release|Any CPU
		{B5C8643F-EC6A-4142-0F8F-7100290C8790}.Debug|Any CPU.ActiveCfg = Debug|Any CPU
		{B5C8643F-EC6A-4142-0F8F-7100290C8790}.Debug|Any CPU.Build.0 = Debug|Any CPU
		{B5C8643F-EC6A-4142-0F8F-7100290C8790}.Release|Any CPU.ActiveCfg = Release|Any CPU
		{B5C8643F-EC6A-4142-0F8F-7100290C8790}.Release|Any CPU.Build.0 = Release|Any CPU
		{5296CCDD-727B-EE7D-05B5-C3D1C57018BB}.Debug|Any CPU.ActiveCfg = Debug|Any CPU
		{5296CCDD-727B-EE7D-05B5-C3D1C57018BB}.Debug|Any CPU.Build.0 = Debug|Any CPU
		{5296CCDD-727B-EE7D-05B5-C3D1C57018BB}.Release|Any CPU.ActiveCfg = Release|Any CPU
		{5296CCDD-727B-EE7D-05B5-C3D1C57018BB}.Release|Any CPU.Build.0 = Release|Any CPU
		{DEB2ED28-81E2-C068-74A0-A293E785DDE0}.Debug|Any CPU.ActiveCfg = Debug|Any CPU
		{DEB2ED28-81E2-C068-74A0-A293E785DDE0}.Debug|Any CPU.Build.0 = Debug|Any CPU
		{DEB2ED28-81E2-C068-74A0-A293E785DDE0}.Release|Any CPU.ActiveCfg = Release|Any CPU
		{DEB2ED28-81E2-C068-74A0-A293E785DDE0}.Release|Any CPU.Build.0 = Release|Any CPU
		{FD4411A4-79ED-0334-DC56-5414596CE6FF}.Debug|Any CPU.ActiveCfg = Debug|Any CPU
		{FD4411A4-79ED-0334-DC56-5414596CE6FF}.Debug|Any CPU.Build.0 = Debug|Any CPU
		{FD4411A4-79ED-0334-DC56-5414596CE6FF}.Release|Any CPU.ActiveCfg = Release|Any CPU
		{FD4411A4-79ED-0334-DC56-5414596CE6FF}.Release|Any CPU.Build.0 = Release|Any CPU
		{14D6FE27-68F6-5B68-682F-C23FBD05F860}.Debug|Any CPU.ActiveCfg = Debug|Any CPU
		{14D6FE27-68F6-5B68-682F-C23FBD05F860}.Debug|Any CPU.Build.0 = Debug|Any CPU
		{14D6FE27-68F6-5B68-682F-C23FBD05F860}.Release|Any CPU.ActiveCfg = Release|Any CPU
		{14D6FE27-68F6-5B68-682F-C23FBD05F860}.Release|Any CPU.Build.0 = Release|Any CPU
		{F01C3D88-B066-C809-397A-5016B6C9A218}.Debug|Any CPU.ActiveCfg = Debug|Any CPU
		{F01C3D88-B066-C809-397A-5016B6C9A218}.Debug|Any CPU.Build.0 = Debug|Any CPU
		{F01C3D88-B066-C809-397A-5016B6C9A218}.Release|Any CPU.ActiveCfg = Release|Any CPU
		{F01C3D88-B066-C809-397A-5016B6C9A218}.Release|Any CPU.Build.0 = Release|Any CPU
		{B5F9F718-520A-DEAF-77F8-E0B8D33057EC}.Debug|Any CPU.ActiveCfg = Debug|Any CPU
		{B5F9F718-520A-DEAF-77F8-E0B8D33057EC}.Debug|Any CPU.Build.0 = Debug|Any CPU
		{B5F9F718-520A-DEAF-77F8-E0B8D33057EC}.Release|Any CPU.ActiveCfg = Release|Any CPU
		{B5F9F718-520A-DEAF-77F8-E0B8D33057EC}.Release|Any CPU.Build.0 = Release|Any CPU
		{008A5CB5-A7AB-AF04-CF72-5EC857334A0F}.Debug|Any CPU.ActiveCfg = Debug|Any CPU
		{008A5CB5-A7AB-AF04-CF72-5EC857334A0F}.Debug|Any CPU.Build.0 = Debug|Any CPU
		{008A5CB5-A7AB-AF04-CF72-5EC857334A0F}.Release|Any CPU.ActiveCfg = Release|Any CPU
		{008A5CB5-A7AB-AF04-CF72-5EC857334A0F}.Release|Any CPU.Build.0 = Release|Any CPU
		{9A34E70B-1CD6-18C5-1289-243A68CC55AC}.Debug|Any CPU.ActiveCfg = Debug|Any CPU
		{9A34E70B-1CD6-18C5-1289-243A68CC55AC}.Debug|Any CPU.Build.0 = Debug|Any CPU
		{9A34E70B-1CD6-18C5-1289-243A68CC55AC}.Release|Any CPU.ActiveCfg = Release|Any CPU
		{9A34E70B-1CD6-18C5-1289-243A68CC55AC}.Release|Any CPU.Build.0 = Release|Any CPU
		{3A10FE97-5DB6-2744-5514-FC01B28B3D41}.Debug|Any CPU.ActiveCfg = Debug|Any CPU
		{3A10FE97-5DB6-2744-5514-FC01B28B3D41}.Debug|Any CPU.Build.0 = Debug|Any CPU
		{3A10FE97-5DB6-2744-5514-FC01B28B3D41}.Release|Any CPU.ActiveCfg = Release|Any CPU
		{3A10FE97-5DB6-2744-5514-FC01B28B3D41}.Release|Any CPU.Build.0 = Release|Any CPU
		{5B632011-1B79-D7A6-2071-26399523EDF6}.Debug|Any CPU.ActiveCfg = Debug|Any CPU
		{5B632011-1B79-D7A6-2071-26399523EDF6}.Debug|Any CPU.Build.0 = Debug|Any CPU
		{5B632011-1B79-D7A6-2071-26399523EDF6}.Release|Any CPU.ActiveCfg = Release|Any CPU
		{5B632011-1B79-D7A6-2071-26399523EDF6}.Release|Any CPU.Build.0 = Release|Any CPU
		{FD630D50-7D56-6AB6-164A-99BA9C160327}.Debug|Any CPU.ActiveCfg = Debug|Any CPU
		{FD630D50-7D56-6AB6-164A-99BA9C160327}.Debug|Any CPU.Build.0 = Debug|Any CPU
		{FD630D50-7D56-6AB6-164A-99BA9C160327}.Release|Any CPU.ActiveCfg = Release|Any CPU
		{FD630D50-7D56-6AB6-164A-99BA9C160327}.Release|Any CPU.Build.0 = Release|Any CPU
		{CDC48105-42DC-D97E-5669-CF0CAAB6803F}.Debug|Any CPU.ActiveCfg = Debug|Any CPU
		{CDC48105-42DC-D97E-5669-CF0CAAB6803F}.Debug|Any CPU.Build.0 = Debug|Any CPU
		{CDC48105-42DC-D97E-5669-CF0CAAB6803F}.Release|Any CPU.ActiveCfg = Release|Any CPU
		{CDC48105-42DC-D97E-5669-CF0CAAB6803F}.Release|Any CPU.Build.0 = Release|Any CPU
		{85229C4E-449E-F19C-4BA8-73627EEB4F28}.Debug|Any CPU.ActiveCfg = Debug|Any CPU
		{85229C4E-449E-F19C-4BA8-73627EEB4F28}.Debug|Any CPU.Build.0 = Debug|Any CPU
		{85229C4E-449E-F19C-4BA8-73627EEB4F28}.Release|Any CPU.ActiveCfg = Release|Any CPU
		{85229C4E-449E-F19C-4BA8-73627EEB4F28}.Release|Any CPU.Build.0 = Release|Any CPU
		{1CA550C6-CFFE-02B7-2C35-471834B37E32}.Debug|Any CPU.ActiveCfg = Debug|Any CPU
		{1CA550C6-CFFE-02B7-2C35-471834B37E32}.Debug|Any CPU.Build.0 = Debug|Any CPU
		{1CA550C6-CFFE-02B7-2C35-471834B37E32}.Release|Any CPU.ActiveCfg = Release|Any CPU
		{1CA550C6-CFFE-02B7-2C35-471834B37E32}.Release|Any CPU.Build.0 = Release|Any CPU
		{EA241702-A641-4443-FF2C-25176C1399B8}.Debug|Any CPU.ActiveCfg = Debug|Any CPU
		{EA241702-A641-4443-FF2C-25176C1399B8}.Debug|Any CPU.Build.0 = Debug|Any CPU
		{EA241702-A641-4443-FF2C-25176C1399B8}.Release|Any CPU.ActiveCfg = Release|Any CPU
		{EA241702-A641-4443-FF2C-25176C1399B8}.Release|Any CPU.Build.0 = Release|Any CPU
		{4587CCB1-1478-015D-A868-D80FD4F6B58A}.Debug|Any CPU.ActiveCfg = Debug|Any CPU
		{4587CCB1-1478-015D-A868-D80FD4F6B58A}.Debug|Any CPU.Build.0 = Debug|Any CPU
		{4587CCB1-1478-015D-A868-D80FD4F6B58A}.Release|Any CPU.ActiveCfg = Release|Any CPU
		{4587CCB1-1478-015D-A868-D80FD4F6B58A}.Release|Any CPU.Build.0 = Release|Any CPU
		{B5C03980-1162-B2EE-8A11-DD8EF21A5F30}.Debug|Any CPU.ActiveCfg = Debug|Any CPU
		{B5C03980-1162-B2EE-8A11-DD8EF21A5F30}.Debug|Any CPU.Build.0 = Debug|Any CPU
		{B5C03980-1162-B2EE-8A11-DD8EF21A5F30}.Release|Any CPU.ActiveCfg = Release|Any CPU
		{B5C03980-1162-B2EE-8A11-DD8EF21A5F30}.Release|Any CPU.Build.0 = Release|Any CPU
		{98166A34-10DB-3771-17A9-9A18542B9E30}.Debug|Any CPU.ActiveCfg = Debug|Any CPU
		{98166A34-10DB-3771-17A9-9A18542B9E30}.Debug|Any CPU.Build.0 = Debug|Any CPU
		{98166A34-10DB-3771-17A9-9A18542B9E30}.Release|Any CPU.ActiveCfg = Release|Any CPU
		{98166A34-10DB-3771-17A9-9A18542B9E30}.Release|Any CPU.Build.0 = Release|Any CPU
		{C9B6253B-1BAC-997D-A6DC-A05E79FFD3E9}.Debug|Any CPU.ActiveCfg = Debug|Any CPU
		{C9B6253B-1BAC-997D-A6DC-A05E79FFD3E9}.Debug|Any CPU.Build.0 = Debug|Any CPU
		{C9B6253B-1BAC-997D-A6DC-A05E79FFD3E9}.Release|Any CPU.ActiveCfg = Release|Any CPU
		{C9B6253B-1BAC-997D-A6DC-A05E79FFD3E9}.Release|Any CPU.Build.0 = Release|Any CPU
		{16508F25-4C44-7BFC-1DE6-DB1D7C9656B4}.Debug|Any CPU.ActiveCfg = Debug|Any CPU
		{16508F25-4C44-7BFC-1DE6-DB1D7C9656B4}.Debug|Any CPU.Build.0 = Debug|Any CPU
		{16508F25-4C44-7BFC-1DE6-DB1D7C9656B4}.Release|Any CPU.ActiveCfg = Release|Any CPU
		{16508F25-4C44-7BFC-1DE6-DB1D7C9656B4}.Release|Any CPU.Build.0 = Release|Any CPU
		{648C6552-A4D4-5DDF-2A00-5329007E4A17}.Debug|Any CPU.ActiveCfg = Debug|Any CPU
		{648C6552-A4D4-5DDF-2A00-5329007E4A17}.Debug|Any CPU.Build.0 = Debug|Any CPU
		{648C6552-A4D4-5DDF-2A00-5329007E4A17}.Release|Any CPU.ActiveCfg = Release|Any CPU
		{648C6552-A4D4-5DDF-2A00-5329007E4A17}.Release|Any CPU.Build.0 = Release|Any CPU
		{803A92E1-07A0-164F-0DC8-23D11B932F75}.Debug|Any CPU.ActiveCfg = Debug|Any CPU
		{803A92E1-07A0-164F-0DC8-23D11B932F75}.Debug|Any CPU.Build.0 = Debug|Any CPU
		{803A92E1-07A0-164F-0DC8-23D11B932F75}.Release|Any CPU.ActiveCfg = Release|Any CPU
		{803A92E1-07A0-164F-0DC8-23D11B932F75}.Release|Any CPU.Build.0 = Release|Any CPU
		{34334615-4F6A-2222-8C7A-BB3F08ED0251}.Debug|Any CPU.ActiveCfg = Debug|Any CPU
		{34334615-4F6A-2222-8C7A-BB3F08ED0251}.Debug|Any CPU.Build.0 = Debug|Any CPU
		{34334615-4F6A-2222-8C7A-BB3F08ED0251}.Release|Any CPU.ActiveCfg = Release|Any CPU
		{34334615-4F6A-2222-8C7A-BB3F08ED0251}.Release|Any CPU.Build.0 = Release|Any CPU
		{E86D092E-EB37-55C5-53CE-AC24A1665D55}.Debug|Any CPU.ActiveCfg = Debug|Any CPU
		{E86D092E-EB37-55C5-53CE-AC24A1665D55}.Debug|Any CPU.Build.0 = Debug|Any CPU
		{E86D092E-EB37-55C5-53CE-AC24A1665D55}.Release|Any CPU.ActiveCfg = Release|Any CPU
		{E86D092E-EB37-55C5-53CE-AC24A1665D55}.Release|Any CPU.Build.0 = Release|Any CPU
		{969ACD69-B7DC-2ED2-AFCD-FE09749A7321}.Debug|Any CPU.ActiveCfg = Debug|Any CPU
		{969ACD69-B7DC-2ED2-AFCD-FE09749A7321}.Debug|Any CPU.Build.0 = Debug|Any CPU
		{969ACD69-B7DC-2ED2-AFCD-FE09749A7321}.Release|Any CPU.ActiveCfg = Release|Any CPU
		{969ACD69-B7DC-2ED2-AFCD-FE09749A7321}.Release|Any CPU.Build.0 = Release|Any CPU
		{6D37E79D-3D19-B485-0C71-AF0678662382}.Debug|Any CPU.ActiveCfg = Debug|Any CPU
		{6D37E79D-3D19-B485-0C71-AF0678662382}.Debug|Any CPU.Build.0 = Debug|Any CPU
		{6D37E79D-3D19-B485-0C71-AF0678662382}.Release|Any CPU.ActiveCfg = Release|Any CPU
		{6D37E79D-3D19-B485-0C71-AF0678662382}.Release|Any CPU.Build.0 = Release|Any CPU
	EndGlobalSection
	GlobalSection(SolutionProperties) = preSolution
		HideSolutionNode = FALSE
	EndGlobalSection
	GlobalSection(NestedProjects) = preSolution
		{378ECD17-3464-4F2E-B03A-C45768064EBE} = {02EA681E-C7D8-13C7-8484-4AC65E1B71E8}
		{4EF6AAA2-929D-4473-8EA6-66735615CAC9} = {02EA681E-C7D8-13C7-8484-4AC65E1B71E8}
		{D0D724D6-952B-4BAC-83E5-4C839A4DF2FE} = {378ECD17-3464-4F2E-B03A-C45768064EBE}
		{8D333603-A934-442A-8FD0-831710F0E4CB} = {378ECD17-3464-4F2E-B03A-C45768064EBE}
		{BE1C6356-11AD-434D-ABDA-1EB0C225ED45} = {378ECD17-3464-4F2E-B03A-C45768064EBE}
		{F641BB17-0570-46AE-8ECB-3D46A5F01A0F} = {378ECD17-3464-4F2E-B03A-C45768064EBE}
		{FD83F6CD-9F9B-4E29-944C-6DC41AF7B79D} = {378ECD17-3464-4F2E-B03A-C45768064EBE}
		{AFCD2C57-271D-4AC3-991F-D261D0301053} = {378ECD17-3464-4F2E-B03A-C45768064EBE}
		{AF6C777E-EEFB-48C8-A83B-F4674741D15C} = {378ECD17-3464-4F2E-B03A-C45768064EBE}
		{7DE84491-EA79-4562-BD42-1F4C30307A2B} = {02EA681E-C7D8-13C7-8484-4AC65E1B71E8}
		{22BA3189-D259-4B3D-9D6E-28F919716D51} = {7BA99C49-2BA1-4A93-9BF4-111B6EDAD6E0}
		{2895B02A-4520-4133-A9E2-8D8C6A48EBAC} = {7BA99C49-2BA1-4A93-9BF4-111B6EDAD6E0}
		{C4B63E92-51F2-415D-B383-ED2DC667ACA1} = {02EA681E-C7D8-13C7-8484-4AC65E1B71E8}
		{7E63F1DE-C3F0-4922-8228-C385E83F2E6D} = {02EA681E-C7D8-13C7-8484-4AC65E1B71E8}
		{D7645B54-DAFB-4ADF-A8DC-F140A5FDD960} = {9790FD25-6E6E-410E-8E32-55876905FDD1}
		{92C97960-3A35-45A0-875D-3648C2F4E552} = {9790FD25-6E6E-410E-8E32-55876905FDD1}
		{8A79189C-C7A5-4D7D-85A2-D456A854C5D6} = {F41C5174-362B-4EC5-AA0F-54E0C92F50D9}
		{9F37A746-3FBD-4C59-8736-262B4EC98EAA} = {4EF6AAA2-929D-4473-8EA6-66735615CAC9}
		{3E5B5189-800D-5848-B56C-416E1CC9FA5B} = {2895B02A-4520-4133-A9E2-8D8C6A48EBAC}
		{C1B29A44-0085-9522-B583-F6AF0BB9B89B} = {2895B02A-4520-4133-A9E2-8D8C6A48EBAC}
		{8852AB6C-C79D-0D72-341F-3DEE8E60D27A} = {22BA3189-D259-4B3D-9D6E-28F919716D51}
		{FDB3D48A-FC98-049E-23FE-2BE59F5E4F4B} = {22BA3189-D259-4B3D-9D6E-28F919716D51}
		{F7CC6210-C068-7E03-0D89-BF394A756323} = {C4B63E92-51F2-415D-B383-ED2DC667ACA1}
		{534FED4E-9FA0-3A45-9286-C9E4EA3E37FC} = {F641BB17-0570-46AE-8ECB-3D46A5F01A0F}
		{F5A0F2D8-316D-5750-AE0D-EAF03A450F21} = {F641BB17-0570-46AE-8ECB-3D46A5F01A0F}
		{9B431191-BA0D-BA64-EE84-F63920EF08C1} = {F641BB17-0570-46AE-8ECB-3D46A5F01A0F}
		{73629DD2-67A1-4F93-89DF-CC75B34A4A7C} = {F641BB17-0570-46AE-8ECB-3D46A5F01A0F}
		{B3F2FF81-F1EE-3918-911B-F50741BACC10} = {F641BB17-0570-46AE-8ECB-3D46A5F01A0F}
		{F3140719-DBC6-7569-9C8A-894D63AB95DF} = {D0D724D6-952B-4BAC-83E5-4C839A4DF2FE}
		{7C23EFFC-A07C-A70E-3C7B-652DB3B06471} = {D0D724D6-952B-4BAC-83E5-4C839A4DF2FE}
		{C1A1F16E-5110-0ED2-1EA6-18A8574DC4A6} = {D0D724D6-952B-4BAC-83E5-4C839A4DF2FE}
		{39B029EB-E75A-8511-92F6-037D03345D5D} = {D0D724D6-952B-4BAC-83E5-4C839A4DF2FE}
		{C5646CC0-105A-7381-7FA7-226FD9D6B1F6} = {D0D724D6-952B-4BAC-83E5-4C839A4DF2FE}
		{BF53E903-1DA6-5C72-B4DE-6550900C8114} = {AFCD2C57-271D-4AC3-991F-D261D0301053}
		{B5C8643F-EC6A-4142-0F8F-7100290C8790} = {AFCD2C57-271D-4AC3-991F-D261D0301053}
		{5296CCDD-727B-EE7D-05B5-C3D1C57018BB} = {AFCD2C57-271D-4AC3-991F-D261D0301053}
		{DEB2ED28-81E2-C068-74A0-A293E785DDE0} = {AFCD2C57-271D-4AC3-991F-D261D0301053}
		{FD4411A4-79ED-0334-DC56-5414596CE6FF} = {AFCD2C57-271D-4AC3-991F-D261D0301053}
		{14D6FE27-68F6-5B68-682F-C23FBD05F860} = {AF6C777E-EEFB-48C8-A83B-F4674741D15C}
		{F01C3D88-B066-C809-397A-5016B6C9A218} = {AF6C777E-EEFB-48C8-A83B-F4674741D15C}
		{B5F9F718-520A-DEAF-77F8-E0B8D33057EC} = {AF6C777E-EEFB-48C8-A83B-F4674741D15C}
		{008A5CB5-A7AB-AF04-CF72-5EC857334A0F} = {FD83F6CD-9F9B-4E29-944C-6DC41AF7B79D}
		{9A34E70B-1CD6-18C5-1289-243A68CC55AC} = {FD83F6CD-9F9B-4E29-944C-6DC41AF7B79D}
		{3A10FE97-5DB6-2744-5514-FC01B28B3D41} = {FD83F6CD-9F9B-4E29-944C-6DC41AF7B79D}
		{5B632011-1B79-D7A6-2071-26399523EDF6} = {FD83F6CD-9F9B-4E29-944C-6DC41AF7B79D}
		{FD630D50-7D56-6AB6-164A-99BA9C160327} = {FD83F6CD-9F9B-4E29-944C-6DC41AF7B79D}
		{CDC48105-42DC-D97E-5669-CF0CAAB6803F} = {BE1C6356-11AD-434D-ABDA-1EB0C225ED45}
		{85229C4E-449E-F19C-4BA8-73627EEB4F28} = {BE1C6356-11AD-434D-ABDA-1EB0C225ED45}
		{1CA550C6-CFFE-02B7-2C35-471834B37E32} = {BE1C6356-11AD-434D-ABDA-1EB0C225ED45}
		{EA241702-A641-4443-FF2C-25176C1399B8} = {BE1C6356-11AD-434D-ABDA-1EB0C225ED45}
		{4587CCB1-1478-015D-A868-D80FD4F6B58A} = {BE1C6356-11AD-434D-ABDA-1EB0C225ED45}
		{B5C03980-1162-B2EE-8A11-DD8EF21A5F30} = {8D333603-A934-442A-8FD0-831710F0E4CB}
		{98166A34-10DB-3771-17A9-9A18542B9E30} = {8D333603-A934-442A-8FD0-831710F0E4CB}
		{C9B6253B-1BAC-997D-A6DC-A05E79FFD3E9} = {8D333603-A934-442A-8FD0-831710F0E4CB}
		{16508F25-4C44-7BFC-1DE6-DB1D7C9656B4} = {8D333603-A934-442A-8FD0-831710F0E4CB}
		{648C6552-A4D4-5DDF-2A00-5329007E4A17} = {8D333603-A934-442A-8FD0-831710F0E4CB}
		{803A92E1-07A0-164F-0DC8-23D11B932F75} = {7E63F1DE-C3F0-4922-8228-C385E83F2E6D}
		{34334615-4F6A-2222-8C7A-BB3F08ED0251} = {7E63F1DE-C3F0-4922-8228-C385E83F2E6D}
		{E86D092E-EB37-55C5-53CE-AC24A1665D55} = {9F37A746-3FBD-4C59-8736-262B4EC98EAA}
		{969ACD69-B7DC-2ED2-AFCD-FE09749A7321} = {9F37A746-3FBD-4C59-8736-262B4EC98EAA}
		{6D37E79D-3D19-B485-0C71-AF0678662382} = {9F37A746-3FBD-4C59-8736-262B4EC98EAA}
	EndGlobalSection
	GlobalSection(ExtensibilityGlobals) = postSolution
		SolutionGuid = {76215A80-C057-4592-B389-BA539452C930}
	EndGlobalSection
EndGlobal
